
Microsoft Visual Studio Solution File, Format Version 12.00
# Visual Studio Version 16
VisualStudioVersion = 16.0.29215.179
MinimumVisualStudioVersion = 15.0.26124.0
Project("{2150E333-8FDC-42A3-9474-1A3956D46DE8}") = "AddingServiceReference", "AddingServiceReference", "{3C479EF1-0991-4386-8FB7-AA91FB7615BE}"
EndProject
Project("{2150E333-8FDC-42A3-9474-1A3956D46DE8}") = "Begin", "Begin", "{7D2F76F5-3430-42C7-B239-B32CBB2EDDCC}"
EndProject
Project("{FAE04EC0-301F-11D3-BF4B-00C04F79EFBC}") = "ServiceClient", "AddingServiceReference\Begin\ServiceClient\ServiceClient.csproj", "{F3FAE5F8-4DDD-4F1A-93A3-1703C7BE05E6}"
EndProject
Project("{2150E333-8FDC-42A3-9474-1A3956D46DE8}") = "End", "End", "{1D39A2A3-CA89-4CEC-8BA4-1C56DAF16B24}"
EndProject
Project("{FAE04EC0-301F-11D3-BF4B-00C04F79EFBC}") = "Service", "AddingServiceReference\Service\Service.csproj", "{15B3E0D2-6217-493A-A690-158C497F5318}"
EndProject
Project("{FAE04EC0-301F-11D3-BF4B-00C04F79EFBC}") = "ServiceHost", "AddingServiceReference\ServiceHost\ServiceHost.csproj", "{7EB7A8D3-7CAA-4CB7-A5D0-B6A9F8F7BE09}"
EndProject
Project("{FAE04EC0-301F-11D3-BF4B-00C04F79EFBC}") = "ServiceClient", "AddingServiceReference\End\ServiceClient\ServiceClient.csproj", "{1E74507C-A36A-4321-81E2-9CF25CA9E2F2}"
EndProject
Project("{2150E333-8FDC-42A3-9474-1A3956D46DE8}") = "CreateWCFService", "CreateWCFService", "{E95E0C31-2C14-4FDC-AAE1-8183AB20D527}"
EndProject
Project("{2150E333-8FDC-42A3-9474-1A3956D46DE8}") = "BEgin", "BEgin", "{D4C4514D-DD92-4CAB-A02C-46E8B2FA9050}"
EndProject
Project("{2150E333-8FDC-42A3-9474-1A3956D46DE8}") = "End", "End", "{974F37AD-CD9D-47A0-928C-6AC18513434A}"
EndProject
Project("{FAE04EC0-301F-11D3-BF4B-00C04F79EFBC}") = "Service", "CreatingWCFService\Begin\Service.csproj", "{B1D8A559-43ED-48A0-9E5C-F99617E8CD29}"
EndProject
Project("{FAE04EC0-301F-11D3-BF4B-00C04F79EFBC}") = "Service", "CreatingWCFService\End\Service.csproj", "{5EEC2D1F-01BE-4936-9682-BFE276EA70F3}"
EndProject
Project("{2150E333-8FDC-42A3-9474-1A3956D46DE8}") = "DefineServiceEndpoints", "DefineServiceEndpoints", "{BFDBE7C5-8EEC-4CB8-9782-904506A38F05}"
EndProject
Project("{2150E333-8FDC-42A3-9474-1A3956D46DE8}") = "Begin", "Begin", "{2FBFCB4C-8226-4D7A-BFA4-673B6E1E555A}"
EndProject
Project("{2150E333-8FDC-42A3-9474-1A3956D46DE8}") = "End", "End", "{75581924-6296-4655-9137-0793417E2553}"
EndProject
Project("{FAE04EC0-301F-11D3-BF4B-00C04F79EFBC}") = "Service", "DefineServiceEndpoints\Service\Service.csproj", "{10337B6C-8794-4230-9EFF-CA6ADA7A5053}"
EndProject
Project("{FAE04EC0-301F-11D3-BF4B-00C04F79EFBC}") = "ServiceHost", "DefineServiceEndpoints\Begin\ServiceHost\ServiceHost.csproj", "{00844CBC-EFEA-41EE-8F56-ADCFEF023C33}"
EndProject
Project("{FAE04EC0-301F-11D3-BF4B-00C04F79EFBC}") = "ServiceHost", "DefineServiceEndpoints\End\ServiceHost\ServiceHost.csproj", "{33F7298D-BBA9-4E91-BAE3-9BAD1A42FEF1}"
EndProject
Project("{2150E333-8FDC-42A3-9474-1A3956D46DE8}") = "UsingChannelFactory", "UsingChannelFactory", "{CB610420-7E59-408C-B367-3BDF58A98C72}"
EndProject
Project("{2150E333-8FDC-42A3-9474-1A3956D46DE8}") = "Begin", "Begin", "{8E31E7E2-BA2A-409A-97B2-43F97130A472}"
EndProject
Project("{2150E333-8FDC-42A3-9474-1A3956D46DE8}") = "End", "End", "{6C81163A-CD01-46BB-B6CB-609BBFE7F2CA}"
EndProject
Project("{FAE04EC0-301F-11D3-BF4B-00C04F79EFBC}") = "ServiceClient", "UsingChannelFactory\Begin\ServiceClient\ServiceClient.csproj", "{CE662FFD-F9EA-4632-971F-71FDC3545B22}"
EndProject
Project("{FAE04EC0-301F-11D3-BF4B-00C04F79EFBC}") = "ServiceClient", "UsingChannelFactory\End\ServiceClient\ServiceClient.csproj", "{136DB4C1-7F3F-42A6-B9BE-5EBDFDE248C6}"
EndProject
Project("{FAE04EC0-301F-11D3-BF4B-00C04F79EFBC}") = "Common", "UsingChannelFactory\Common\Common.csproj", "{8997109A-489C-4887-BA14-D887BC6A5E09}"
EndProject
Project("{FAE04EC0-301F-11D3-BF4B-00C04F79EFBC}") = "Service", "UsingChannelFactory\Service\Service.csproj", "{4FC6CA40-17F8-47D5-83AC-1472A24BECAE}"
EndProject
Project("{FAE04EC0-301F-11D3-BF4B-00C04F79EFBC}") = "ServiceHost", "UsingChannelFactory\ServiceHost\ServiceHost.csproj", "{DB0EED37-938E-46AB-807E-414115806BCA}"
EndProject
Global
	GlobalSection(SolutionConfigurationPlatforms) = preSolution
		Debug|Any CPU = Debug|Any CPU
		Debug|x64 = Debug|x64
		Debug|x86 = Debug|x86
		Release|Any CPU = Release|Any CPU
		Release|x64 = Release|x64
		Release|x86 = Release|x86
	EndGlobalSection
	GlobalSection(ProjectConfigurationPlatforms) = postSolution
		{F3FAE5F8-4DDD-4F1A-93A3-1703C7BE05E6}.Debug|Any CPU.ActiveCfg = Debug|Any CPU
		{F3FAE5F8-4DDD-4F1A-93A3-1703C7BE05E6}.Debug|Any CPU.Build.0 = Debug|Any CPU
		{F3FAE5F8-4DDD-4F1A-93A3-1703C7BE05E6}.Debug|x64.ActiveCfg = Debug|Any CPU
		{F3FAE5F8-4DDD-4F1A-93A3-1703C7BE05E6}.Debug|x64.Build.0 = Debug|Any CPU
		{F3FAE5F8-4DDD-4F1A-93A3-1703C7BE05E6}.Debug|x86.ActiveCfg = Debug|Any CPU
		{F3FAE5F8-4DDD-4F1A-93A3-1703C7BE05E6}.Debug|x86.Build.0 = Debug|Any CPU
		{F3FAE5F8-4DDD-4F1A-93A3-1703C7BE05E6}.Release|Any CPU.ActiveCfg = Release|Any CPU
		{F3FAE5F8-4DDD-4F1A-93A3-1703C7BE05E6}.Release|Any CPU.Build.0 = Release|Any CPU
		{F3FAE5F8-4DDD-4F1A-93A3-1703C7BE05E6}.Release|x64.ActiveCfg = Release|Any CPU
		{F3FAE5F8-4DDD-4F1A-93A3-1703C7BE05E6}.Release|x64.Build.0 = Release|Any CPU
		{F3FAE5F8-4DDD-4F1A-93A3-1703C7BE05E6}.Release|x86.ActiveCfg = Release|Any CPU
		{F3FAE5F8-4DDD-4F1A-93A3-1703C7BE05E6}.Release|x86.Build.0 = Release|Any CPU
		{15B3E0D2-6217-493A-A690-158C497F5318}.Debug|Any CPU.ActiveCfg = Debug|Any CPU
		{15B3E0D2-6217-493A-A690-158C497F5318}.Debug|Any CPU.Build.0 = Debug|Any CPU
		{15B3E0D2-6217-493A-A690-158C497F5318}.Debug|x64.ActiveCfg = Debug|Any CPU
		{15B3E0D2-6217-493A-A690-158C497F5318}.Debug|x64.Build.0 = Debug|Any CPU
		{15B3E0D2-6217-493A-A690-158C497F5318}.Debug|x86.ActiveCfg = Debug|Any CPU
		{15B3E0D2-6217-493A-A690-158C497F5318}.Debug|x86.Build.0 = Debug|Any CPU
		{15B3E0D2-6217-493A-A690-158C497F5318}.Release|Any CPU.ActiveCfg = Release|Any CPU
		{15B3E0D2-6217-493A-A690-158C497F5318}.Release|Any CPU.Build.0 = Release|Any CPU
		{15B3E0D2-6217-493A-A690-158C497F5318}.Release|x64.ActiveCfg = Release|Any CPU
		{15B3E0D2-6217-493A-A690-158C497F5318}.Release|x64.Build.0 = Release|Any CPU
		{15B3E0D2-6217-493A-A690-158C497F5318}.Release|x86.ActiveCfg = Release|Any CPU
		{15B3E0D2-6217-493A-A690-158C497F5318}.Release|x86.Build.0 = Release|Any CPU
		{7EB7A8D3-7CAA-4CB7-A5D0-B6A9F8F7BE09}.Debug|Any CPU.ActiveCfg = Debug|Any CPU
		{7EB7A8D3-7CAA-4CB7-A5D0-B6A9F8F7BE09}.Debug|Any CPU.Build.0 = Debug|Any CPU
		{7EB7A8D3-7CAA-4CB7-A5D0-B6A9F8F7BE09}.Debug|x64.ActiveCfg = Debug|Any CPU
		{7EB7A8D3-7CAA-4CB7-A5D0-B6A9F8F7BE09}.Debug|x64.Build.0 = Debug|Any CPU
		{7EB7A8D3-7CAA-4CB7-A5D0-B6A9F8F7BE09}.Debug|x86.ActiveCfg = Debug|Any CPU
		{7EB7A8D3-7CAA-4CB7-A5D0-B6A9F8F7BE09}.Debug|x86.Build.0 = Debug|Any CPU
		{7EB7A8D3-7CAA-4CB7-A5D0-B6A9F8F7BE09}.Release|Any CPU.ActiveCfg = Release|Any CPU
		{7EB7A8D3-7CAA-4CB7-A5D0-B6A9F8F7BE09}.Release|Any CPU.Build.0 = Release|Any CPU
		{7EB7A8D3-7CAA-4CB7-A5D0-B6A9F8F7BE09}.Release|x64.ActiveCfg = Release|Any CPU
		{7EB7A8D3-7CAA-4CB7-A5D0-B6A9F8F7BE09}.Release|x64.Build.0 = Release|Any CPU
		{7EB7A8D3-7CAA-4CB7-A5D0-B6A9F8F7BE09}.Release|x86.ActiveCfg = Release|Any CPU
		{7EB7A8D3-7CAA-4CB7-A5D0-B6A9F8F7BE09}.Release|x86.Build.0 = Release|Any CPU
		{1E74507C-A36A-4321-81E2-9CF25CA9E2F2}.Debug|Any CPU.ActiveCfg = Debug|Any CPU
		{1E74507C-A36A-4321-81E2-9CF25CA9E2F2}.Debug|Any CPU.Build.0 = Debug|Any CPU
		{1E74507C-A36A-4321-81E2-9CF25CA9E2F2}.Debug|x64.ActiveCfg = Debug|Any CPU
		{1E74507C-A36A-4321-81E2-9CF25CA9E2F2}.Debug|x64.Build.0 = Debug|Any CPU
		{1E74507C-A36A-4321-81E2-9CF25CA9E2F2}.Debug|x86.ActiveCfg = Debug|Any CPU
		{1E74507C-A36A-4321-81E2-9CF25CA9E2F2}.Debug|x86.Build.0 = Debug|Any CPU
		{1E74507C-A36A-4321-81E2-9CF25CA9E2F2}.Release|Any CPU.ActiveCfg = Release|Any CPU
		{1E74507C-A36A-4321-81E2-9CF25CA9E2F2}.Release|Any CPU.Build.0 = Release|Any CPU
		{1E74507C-A36A-4321-81E2-9CF25CA9E2F2}.Release|x64.ActiveCfg = Release|Any CPU
		{1E74507C-A36A-4321-81E2-9CF25CA9E2F2}.Release|x64.Build.0 = Release|Any CPU
		{1E74507C-A36A-4321-81E2-9CF25CA9E2F2}.Release|x86.ActiveCfg = Release|Any CPU
		{1E74507C-A36A-4321-81E2-9CF25CA9E2F2}.Release|x86.Build.0 = Release|Any CPU
		{B1D8A559-43ED-48A0-9E5C-F99617E8CD29}.Debug|Any CPU.ActiveCfg = Debug|Any CPU
		{B1D8A559-43ED-48A0-9E5C-F99617E8CD29}.Debug|Any CPU.Build.0 = Debug|Any CPU
		{B1D8A559-43ED-48A0-9E5C-F99617E8CD29}.Debug|x64.ActiveCfg = Debug|Any CPU
		{B1D8A559-43ED-48A0-9E5C-F99617E8CD29}.Debug|x64.Build.0 = Debug|Any CPU
		{B1D8A559-43ED-48A0-9E5C-F99617E8CD29}.Debug|x86.ActiveCfg = Debug|Any CPU
		{B1D8A559-43ED-48A0-9E5C-F99617E8CD29}.Debug|x86.Build.0 = Debug|Any CPU
		{B1D8A559-43ED-48A0-9E5C-F99617E8CD29}.Release|Any CPU.ActiveCfg = Release|Any CPU
		{B1D8A559-43ED-48A0-9E5C-F99617E8CD29}.Release|Any CPU.Build.0 = Release|Any CPU
		{B1D8A559-43ED-48A0-9E5C-F99617E8CD29}.Release|x64.ActiveCfg = Release|Any CPU
		{B1D8A559-43ED-48A0-9E5C-F99617E8CD29}.Release|x64.Build.0 = Release|Any CPU
		{B1D8A559-43ED-48A0-9E5C-F99617E8CD29}.Release|x86.ActiveCfg = Release|Any CPU
		{B1D8A559-43ED-48A0-9E5C-F99617E8CD29}.Release|x86.Build.0 = Release|Any CPU
		{5EEC2D1F-01BE-4936-9682-BFE276EA70F3}.Debug|Any CPU.ActiveCfg = Debug|Any CPU
		{5EEC2D1F-01BE-4936-9682-BFE276EA70F3}.Debug|Any CPU.Build.0 = Debug|Any CPU
		{5EEC2D1F-01BE-4936-9682-BFE276EA70F3}.Debug|x64.ActiveCfg = Debug|Any CPU
		{5EEC2D1F-01BE-4936-9682-BFE276EA70F3}.Debug|x64.Build.0 = Debug|Any CPU
		{5EEC2D1F-01BE-4936-9682-BFE276EA70F3}.Debug|x86.ActiveCfg = Debug|Any CPU
		{5EEC2D1F-01BE-4936-9682-BFE276EA70F3}.Debug|x86.Build.0 = Debug|Any CPU
		{5EEC2D1F-01BE-4936-9682-BFE276EA70F3}.Release|Any CPU.ActiveCfg = Release|Any CPU
		{5EEC2D1F-01BE-4936-9682-BFE276EA70F3}.Release|Any CPU.Build.0 = Release|Any CPU
		{5EEC2D1F-01BE-4936-9682-BFE276EA70F3}.Release|x64.ActiveCfg = Release|Any CPU
		{5EEC2D1F-01BE-4936-9682-BFE276EA70F3}.Release|x64.Build.0 = Release|Any CPU
		{5EEC2D1F-01BE-4936-9682-BFE276EA70F3}.Release|x86.ActiveCfg = Release|Any CPU
		{5EEC2D1F-01BE-4936-9682-BFE276EA70F3}.Release|x86.Build.0 = Release|Any CPU
		{10337B6C-8794-4230-9EFF-CA6ADA7A5053}.Debug|Any CPU.ActiveCfg = Debug|Any CPU
		{10337B6C-8794-4230-9EFF-CA6ADA7A5053}.Debug|Any CPU.Build.0 = Debug|Any CPU
		{10337B6C-8794-4230-9EFF-CA6ADA7A5053}.Debug|x64.ActiveCfg = Debug|Any CPU
		{10337B6C-8794-4230-9EFF-CA6ADA7A5053}.Debug|x64.Build.0 = Debug|Any CPU
		{10337B6C-8794-4230-9EFF-CA6ADA7A5053}.Debug|x86.ActiveCfg = Debug|Any CPU
		{10337B6C-8794-4230-9EFF-CA6ADA7A5053}.Debug|x86.Build.0 = Debug|Any CPU
		{10337B6C-8794-4230-9EFF-CA6ADA7A5053}.Release|Any CPU.ActiveCfg = Release|Any CPU
		{10337B6C-8794-4230-9EFF-CA6ADA7A5053}.Release|Any CPU.Build.0 = Release|Any CPU
		{10337B6C-8794-4230-9EFF-CA6ADA7A5053}.Release|x64.ActiveCfg = Release|Any CPU
		{10337B6C-8794-4230-9EFF-CA6ADA7A5053}.Release|x64.Build.0 = Release|Any CPU
		{10337B6C-8794-4230-9EFF-CA6ADA7A5053}.Release|x86.ActiveCfg = Release|Any CPU
		{10337B6C-8794-4230-9EFF-CA6ADA7A5053}.Release|x86.Build.0 = Release|Any CPU
		{00844CBC-EFEA-41EE-8F56-ADCFEF023C33}.Debug|Any CPU.ActiveCfg = Debug|Any CPU
		{00844CBC-EFEA-41EE-8F56-ADCFEF023C33}.Debug|Any CPU.Build.0 = Debug|Any CPU
		{00844CBC-EFEA-41EE-8F56-ADCFEF023C33}.Debug|x64.ActiveCfg = Debug|Any CPU
		{00844CBC-EFEA-41EE-8F56-ADCFEF023C33}.Debug|x64.Build.0 = Debug|Any CPU
		{00844CBC-EFEA-41EE-8F56-ADCFEF023C33}.Debug|x86.ActiveCfg = Debug|Any CPU
		{00844CBC-EFEA-41EE-8F56-ADCFEF023C33}.Debug|x86.Build.0 = Debug|Any CPU
		{00844CBC-EFEA-41EE-8F56-ADCFEF023C33}.Release|Any CPU.ActiveCfg = Release|Any CPU
		{00844CBC-EFEA-41EE-8F56-ADCFEF023C33}.Release|Any CPU.Build.0 = Release|Any CPU
		{00844CBC-EFEA-41EE-8F56-ADCFEF023C33}.Release|x64.ActiveCfg = Release|Any CPU
		{00844CBC-EFEA-41EE-8F56-ADCFEF023C33}.Release|x64.Build.0 = Release|Any CPU
		{00844CBC-EFEA-41EE-8F56-ADCFEF023C33}.Release|x86.ActiveCfg = Release|Any CPU
		{00844CBC-EFEA-41EE-8F56-ADCFEF023C33}.Release|x86.Build.0 = Release|Any CPU
		{33F7298D-BBA9-4E91-BAE3-9BAD1A42FEF1}.Debug|Any CPU.ActiveCfg = Debug|Any CPU
		{33F7298D-BBA9-4E91-BAE3-9BAD1A42FEF1}.Debug|Any CPU.Build.0 = Debug|Any CPU
		{33F7298D-BBA9-4E91-BAE3-9BAD1A42FEF1}.Debug|x64.ActiveCfg = Debug|Any CPU
		{33F7298D-BBA9-4E91-BAE3-9BAD1A42FEF1}.Debug|x64.Build.0 = Debug|Any CPU
		{33F7298D-BBA9-4E91-BAE3-9BAD1A42FEF1}.Debug|x86.ActiveCfg = Debug|Any CPU
		{33F7298D-BBA9-4E91-BAE3-9BAD1A42FEF1}.Debug|x86.Build.0 = Debug|Any CPU
		{33F7298D-BBA9-4E91-BAE3-9BAD1A42FEF1}.Release|Any CPU.ActiveCfg = Release|Any CPU
		{33F7298D-BBA9-4E91-BAE3-9BAD1A42FEF1}.Release|Any CPU.Build.0 = Release|Any CPU
		{33F7298D-BBA9-4E91-BAE3-9BAD1A42FEF1}.Release|x64.ActiveCfg = Release|Any CPU
		{33F7298D-BBA9-4E91-BAE3-9BAD1A42FEF1}.Release|x64.Build.0 = Release|Any CPU
		{33F7298D-BBA9-4E91-BAE3-9BAD1A42FEF1}.Release|x86.ActiveCfg = Release|Any CPU
		{33F7298D-BBA9-4E91-BAE3-9BAD1A42FEF1}.Release|x86.Build.0 = Release|Any CPU
		{CE662FFD-F9EA-4632-971F-71FDC3545B22}.Debug|Any CPU.ActiveCfg = Debug|Any CPU
		{CE662FFD-F9EA-4632-971F-71FDC3545B22}.Debug|Any CPU.Build.0 = Debug|Any CPU
		{CE662FFD-F9EA-4632-971F-71FDC3545B22}.Debug|x64.ActiveCfg = Debug|Any CPU
		{CE662FFD-F9EA-4632-971F-71FDC3545B22}.Debug|x64.Build.0 = Debug|Any CPU
		{CE662FFD-F9EA-4632-971F-71FDC3545B22}.Debug|x86.ActiveCfg = Debug|Any CPU
		{CE662FFD-F9EA-4632-971F-71FDC3545B22}.Debug|x86.Build.0 = Debug|Any CPU
		{CE662FFD-F9EA-4632-971F-71FDC3545B22}.Release|Any CPU.ActiveCfg = Release|Any CPU
		{CE662FFD-F9EA-4632-971F-71FDC3545B22}.Release|Any CPU.Build.0 = Release|Any CPU
		{CE662FFD-F9EA-4632-971F-71FDC3545B22}.Release|x64.ActiveCfg = Release|Any CPU
		{CE662FFD-F9EA-4632-971F-71FDC3545B22}.Release|x64.Build.0 = Release|Any CPU
		{CE662FFD-F9EA-4632-971F-71FDC3545B22}.Release|x86.ActiveCfg = Release|Any CPU
		{CE662FFD-F9EA-4632-971F-71FDC3545B22}.Release|x86.Build.0 = Release|Any CPU
		{136DB4C1-7F3F-42A6-B9BE-5EBDFDE248C6}.Debug|Any CPU.ActiveCfg = Debug|Any CPU
		{136DB4C1-7F3F-42A6-B9BE-5EBDFDE248C6}.Debug|Any CPU.Build.0 = Debug|Any CPU
		{136DB4C1-7F3F-42A6-B9BE-5EBDFDE248C6}.Debug|x64.ActiveCfg = Debug|Any CPU
		{136DB4C1-7F3F-42A6-B9BE-5EBDFDE248C6}.Debug|x64.Build.0 = Debug|Any CPU
		{136DB4C1-7F3F-42A6-B9BE-5EBDFDE248C6}.Debug|x86.ActiveCfg = Debug|Any CPU
		{136DB4C1-7F3F-42A6-B9BE-5EBDFDE248C6}.Debug|x86.Build.0 = Debug|Any CPU
		{136DB4C1-7F3F-42A6-B9BE-5EBDFDE248C6}.Release|Any CPU.ActiveCfg = Release|Any CPU
		{136DB4C1-7F3F-42A6-B9BE-5EBDFDE248C6}.Release|Any CPU.Build.0 = Release|Any CPU
		{136DB4C1-7F3F-42A6-B9BE-5EBDFDE248C6}.Release|x64.ActiveCfg = Release|Any CPU
		{136DB4C1-7F3F-42A6-B9BE-5EBDFDE248C6}.Release|x64.Build.0 = Release|Any CPU
		{136DB4C1-7F3F-42A6-B9BE-5EBDFDE248C6}.Release|x86.ActiveCfg = Release|Any CPU
		{136DB4C1-7F3F-42A6-B9BE-5EBDFDE248C6}.Release|x86.Build.0 = Release|Any CPU
		{8997109A-489C-4887-BA14-D887BC6A5E09}.Debug|Any CPU.ActiveCfg = Debug|Any CPU
		{8997109A-489C-4887-BA14-D887BC6A5E09}.Debug|Any CPU.Build.0 = Debug|Any CPU
		{8997109A-489C-4887-BA14-D887BC6A5E09}.Debug|x64.ActiveCfg = Debug|Any CPU
		{8997109A-489C-4887-BA14-D887BC6A5E09}.Debug|x64.Build.0 = Debug|Any CPU
		{8997109A-489C-4887-BA14-D887BC6A5E09}.Debug|x86.ActiveCfg = Debug|Any CPU
		{8997109A-489C-4887-BA14-D887BC6A5E09}.Debug|x86.Build.0 = Debug|Any CPU
		{8997109A-489C-4887-BA14-D887BC6A5E09}.Release|Any CPU.ActiveCfg = Release|Any CPU
		{8997109A-489C-4887-BA14-D887BC6A5E09}.Release|Any CPU.Build.0 = Release|Any CPU
		{8997109A-489C-4887-BA14-D887BC6A5E09}.Release|x64.ActiveCfg = Release|Any CPU
		{8997109A-489C-4887-BA14-D887BC6A5E09}.Release|x64.Build.0 = Release|Any CPU
		{8997109A-489C-4887-BA14-D887BC6A5E09}.Release|x86.ActiveCfg = Release|Any CPU
		{8997109A-489C-4887-BA14-D887BC6A5E09}.Release|x86.Build.0 = Release|Any CPU
		{4FC6CA40-17F8-47D5-83AC-1472A24BECAE}.Debug|Any CPU.ActiveCfg = Debug|Any CPU
		{4FC6CA40-17F8-47D5-83AC-1472A24BECAE}.Debug|Any CPU.Build.0 = Debug|Any CPU
		{4FC6CA40-17F8-47D5-83AC-1472A24BECAE}.Debug|x64.ActiveCfg = Debug|Any CPU
		{4FC6CA40-17F8-47D5-83AC-1472A24BECAE}.Debug|x64.Build.0 = Debug|Any CPU
		{4FC6CA40-17F8-47D5-83AC-1472A24BECAE}.Debug|x86.ActiveCfg = Debug|Any CPU
		{4FC6CA40-17F8-47D5-83AC-1472A24BECAE}.Debug|x86.Build.0 = Debug|Any CPU
		{4FC6CA40-17F8-47D5-83AC-1472A24BECAE}.Release|Any CPU.ActiveCfg = Release|Any CPU
		{4FC6CA40-17F8-47D5-83AC-1472A24BECAE}.Release|Any CPU.Build.0 = Release|Any CPU
		{4FC6CA40-17F8-47D5-83AC-1472A24BECAE}.Release|x64.ActiveCfg = Release|Any CPU
		{4FC6CA40-17F8-47D5-83AC-1472A24BECAE}.Release|x64.Build.0 = Release|Any CPU
		{4FC6CA40-17F8-47D5-83AC-1472A24BECAE}.Release|x86.ActiveCfg = Release|Any CPU
		{4FC6CA40-17F8-47D5-83AC-1472A24BECAE}.Release|x86.Build.0 = Release|Any CPU
		{DB0EED37-938E-46AB-807E-414115806BCA}.Debug|Any CPU.ActiveCfg = Debug|Any CPU
		{DB0EED37-938E-46AB-807E-414115806BCA}.Debug|Any CPU.Build.0 = Debug|Any CPU
		{DB0EED37-938E-46AB-807E-414115806BCA}.Debug|x64.ActiveCfg = Debug|Any CPU
		{DB0EED37-938E-46AB-807E-414115806BCA}.Debug|x64.Build.0 = Debug|Any CPU
		{DB0EED37-938E-46AB-807E-414115806BCA}.Debug|x86.ActiveCfg = Debug|Any CPU
		{DB0EED37-938E-46AB-807E-414115806BCA}.Debug|x86.Build.0 = Debug|Any CPU
		{DB0EED37-938E-46AB-807E-414115806BCA}.Release|Any CPU.ActiveCfg = Release|Any CPU
		{DB0EED37-938E-46AB-807E-414115806BCA}.Release|Any CPU.Build.0 = Release|Any CPU
		{DB0EED37-938E-46AB-807E-414115806BCA}.Release|x64.ActiveCfg = Release|Any CPU
		{DB0EED37-938E-46AB-807E-414115806BCA}.Release|x64.Build.0 = Release|Any CPU
		{DB0EED37-938E-46AB-807E-414115806BCA}.Release|x86.ActiveCfg = Release|Any CPU
		{DB0EED37-938E-46AB-807E-414115806BCA}.Release|x86.Build.0 = Release|Any CPU
	EndGlobalSection
	GlobalSection(SolutionProperties) = preSolution
		HideSolutionNode = FALSE
	EndGlobalSection
	GlobalSection(NestedProjects) = preSolution
		{7D2F76F5-3430-42C7-B239-B32CBB2EDDCC} = {3C479EF1-0991-4386-8FB7-AA91FB7615BE}
		{F3FAE5F8-4DDD-4F1A-93A3-1703C7BE05E6} = {7D2F76F5-3430-42C7-B239-B32CBB2EDDCC}
		{1D39A2A3-CA89-4CEC-8BA4-1C56DAF16B24} = {3C479EF1-0991-4386-8FB7-AA91FB7615BE}
		{15B3E0D2-6217-493A-A690-158C497F5318} = {3C479EF1-0991-4386-8FB7-AA91FB7615BE}
		{7EB7A8D3-7CAA-4CB7-A5D0-B6A9F8F7BE09} = {3C479EF1-0991-4386-8FB7-AA91FB7615BE}
		{1E74507C-A36A-4321-81E2-9CF25CA9E2F2} = {1D39A2A3-CA89-4CEC-8BA4-1C56DAF16B24}
		{D4C4514D-DD92-4CAB-A02C-46E8B2FA9050} = {E95E0C31-2C14-4FDC-AAE1-8183AB20D527}
		{974F37AD-CD9D-47A0-928C-6AC18513434A} = {E95E0C31-2C14-4FDC-AAE1-8183AB20D527}
		{B1D8A559-43ED-48A0-9E5C-F99617E8CD29} = {D4C4514D-DD92-4CAB-A02C-46E8B2FA9050}
		{5EEC2D1F-01BE-4936-9682-BFE276EA70F3} = {974F37AD-CD9D-47A0-928C-6AC18513434A}
		{2FBFCB4C-8226-4D7A-BFA4-673B6E1E555A} = {BFDBE7C5-8EEC-4CB8-9782-904506A38F05}
		{75581924-6296-4655-9137-0793417E2553} = {BFDBE7C5-8EEC-4CB8-9782-904506A38F05}
		{10337B6C-8794-4230-9EFF-CA6ADA7A5053} = {BFDBE7C5-8EEC-4CB8-9782-904506A38F05}
		{00844CBC-EFEA-41EE-8F56-ADCFEF023C33} = {2FBFCB4C-8226-4D7A-BFA4-673B6E1E555A}
		{33F7298D-BBA9-4E91-BAE3-9BAD1A42FEF1} = {75581924-6296-4655-9137-0793417E2553}
		{8E31E7E2-BA2A-409A-97B2-43F97130A472} = {CB610420-7E59-408C-B367-3BDF58A98C72}
		{6C81163A-CD01-46BB-B6CB-609BBFE7F2CA} = {CB610420-7E59-408C-B367-3BDF58A98C72}
		{CE662FFD-F9EA-4632-971F-71FDC3545B22} = {8E31E7E2-BA2A-409A-97B2-43F97130A472}
		{136DB4C1-7F3F-42A6-B9BE-5EBDFDE248C6} = {6C81163A-CD01-46BB-B6CB-609BBFE7F2CA}
		{8997109A-489C-4887-BA14-D887BC6A5E09} = {CB610420-7E59-408C-B367-3BDF58A98C72}
		{4FC6CA40-17F8-47D5-83AC-1472A24BECAE} = {CB610420-7E59-408C-B367-3BDF58A98C72}
		{DB0EED37-938E-46AB-807E-414115806BCA} = {CB610420-7E59-408C-B367-3BDF58A98C72}
	EndGlobalSection
	GlobalSection(ExtensibilityGlobals) = postSolution
		SolutionGuid = {5DAB3142-D843-4554-A5C5-77855FC5C87A}
	EndGlobalSection
EndGlobal
