
Microsoft Visual Studio Solution File, Format Version 12.00
# Visual Studio Version 16
VisualStudioVersion = 16.0.29215.179
MinimumVisualStudioVersion = 10.0.40219.1
Project("{2150E333-8FDC-42A3-9474-1A3956D46DE8}") = "CRUD", "CRUD", "{2C49472A-4D7A-4DCD-883C-75B98D02AEEF}"
EndProject
Project("{FAE04EC0-301F-11D3-BF4B-00C04F79EFBC}") = "EF_Seed", "CRUD\Begin\EF_Seed.csproj", "{35F65DD5-0E09-4571-8EF9-60D4D9E529E9}"
EndProject
Project("{2150E333-8FDC-42A3-9474-1A3956D46DE8}") = "Begin", "Begin", "{6FC4B979-D6EC-475D-9A75-5C38982282D2}"
EndProject
Project("{2150E333-8FDC-42A3-9474-1A3956D46DE8}") = "End", "End", "{A0A6184A-FFD0-49C4-B4F5-EA49DC9DD498}"
EndProject
Project("{FAE04EC0-301F-11D3-BF4B-00C04F79EFBC}") = "EF_Seed", "CRUD\End\EF_Seed.csproj", "{217CFECE-C378-4132-A66C-22541FF4CE2D}"
EndProject
Project("{2150E333-8FDC-42A3-9474-1A3956D46DE8}") = "StoredProcedure", "StoredProcedure", "{BF6208AD-DFDC-4C9C-8F92-06E856D81608}"
EndProject
Project("{FAE04EC0-301F-11D3-BF4B-00C04F79EFBC}") = "EF_StoredProcedure", "StoredProcedure\Begin\EF_StoredProcedure.csproj", "{E4BD55CC-C1BA-47F5-A06A-B2B8EA6F8F26}"
EndProject
Project("{2150E333-8FDC-42A3-9474-1A3956D46DE8}") = "LINQToEntites", "LINQToEntites", "{7C30B056-951A-4BAE-BFB5-BBDE4C9BBAC1}"
EndProject
Project("{2150E333-8FDC-42A3-9474-1A3956D46DE8}") = "Begin", "Begin", "{DA693D23-B4E9-4C05-814A-3596A12C0096}"
EndProject
Project("{2150E333-8FDC-42A3-9474-1A3956D46DE8}") = "End", "End", "{05E5A84B-78EC-47CD-B46E-19B61599FEA9}"
EndProject
Project("{FAE04EC0-301F-11D3-BF4B-00C04F79EFBC}") = "LinqToEntities", "UsingLINQtoEntities\Begin\LinqToEntities.csproj", "{16953952-6EA1-4673-8DC9-E7CC40C8FFDE}"
EndProject
Project("{FAE04EC0-301F-11D3-BF4B-00C04F79EFBC}") = "LinqToEntities", "UsingLINQtoEntities\End\LinqToEntities.csproj", "{16DFEDD6-A38E-4C8D-A31C-882C02213A35}"
EndProject
Project("{2150E333-8FDC-42A3-9474-1A3956D46DE8}") = "Core", "Core", "{A9D866EB-7BC2-40CB-9E41-B5CF0206E442}"
EndProject
Project("{9A19103F-16F7-4668-BE54-9A1E7A4F7556}") = "EF_Seed_Core", "CRUD\Core\EF_Seed_Core\EF_Seed_Core.csproj", "{8B72CAB6-C52C-4554-A0C3-333909789F39}"
EndProject
Project("{2150E333-8FDC-42A3-9474-1A3956D46DE8}") = "Core", "Core", "{97BDE335-4FAA-4C00-8345-B5EDB9C9C984}"
EndProject
Project("{FAE04EC0-301F-11D3-BF4B-00C04F79EFBC}") = "LinqToEntities_Core", "UsingLINQtoEntities\Core\LinqToEntities_Core\LinqToEntities_Core.csproj", "{7EBE8565-FC9C-4769-B17E-56F6BBDD4B52}"
EndProject
Project("{FAE04EC0-301F-11D3-BF4B-00C04F79EFBC}") = "EF_StoredProcedure_Core", "StoredProcedure\Core\EF_StoredProcedure_Core\EF_StoredProcedure_Core.csproj", "{7DA9D6EB-69AE-43F7-A59E-E6D6E282B485}"
EndProject
Global
	GlobalSection(SolutionConfigurationPlatforms) = preSolution
		Debug|Any CPU = Debug|Any CPU
		Release|Any CPU = Release|Any CPU
	EndGlobalSection
	GlobalSection(ProjectConfigurationPlatforms) = postSolution
		{35F65DD5-0E09-4571-8EF9-60D4D9E529E9}.Debug|Any CPU.ActiveCfg = Debug|Any CPU
		{35F65DD5-0E09-4571-8EF9-60D4D9E529E9}.Debug|Any CPU.Build.0 = Debug|Any CPU
		{35F65DD5-0E09-4571-8EF9-60D4D9E529E9}.Release|Any CPU.ActiveCfg = Release|Any CPU
		{35F65DD5-0E09-4571-8EF9-60D4D9E529E9}.Release|Any CPU.Build.0 = Release|Any CPU
		{217CFECE-C378-4132-A66C-22541FF4CE2D}.Debug|Any CPU.ActiveCfg = Debug|Any CPU
		{217CFECE-C378-4132-A66C-22541FF4CE2D}.Debug|Any CPU.Build.0 = Debug|Any CPU
		{217CFECE-C378-4132-A66C-22541FF4CE2D}.Release|Any CPU.ActiveCfg = Release|Any CPU
		{217CFECE-C378-4132-A66C-22541FF4CE2D}.Release|Any CPU.Build.0 = Release|Any CPU
		{E4BD55CC-C1BA-47F5-A06A-B2B8EA6F8F26}.Debug|Any CPU.ActiveCfg = Debug|Any CPU
		{E4BD55CC-C1BA-47F5-A06A-B2B8EA6F8F26}.Debug|Any CPU.Build.0 = Debug|Any CPU
		{E4BD55CC-C1BA-47F5-A06A-B2B8EA6F8F26}.Release|Any CPU.ActiveCfg = Release|Any CPU
		{E4BD55CC-C1BA-47F5-A06A-B2B8EA6F8F26}.Release|Any CPU.Build.0 = Release|Any CPU
		{16953952-6EA1-4673-8DC9-E7CC40C8FFDE}.Debug|Any CPU.ActiveCfg = Debug|Any CPU
		{16953952-6EA1-4673-8DC9-E7CC40C8FFDE}.Debug|Any CPU.Build.0 = Debug|Any CPU
		{16953952-6EA1-4673-8DC9-E7CC40C8FFDE}.Release|Any CPU.ActiveCfg = Release|Any CPU
		{16953952-6EA1-4673-8DC9-E7CC40C8FFDE}.Release|Any CPU.Build.0 = Release|Any CPU
		{16DFEDD6-A38E-4C8D-A31C-882C02213A35}.Debug|Any CPU.ActiveCfg = Debug|Any CPU
		{16DFEDD6-A38E-4C8D-A31C-882C02213A35}.Debug|Any CPU.Build.0 = Debug|Any CPU
		{16DFEDD6-A38E-4C8D-A31C-882C02213A35}.Release|Any CPU.ActiveCfg = Release|Any CPU
		{16DFEDD6-A38E-4C8D-A31C-882C02213A35}.Release|Any CPU.Build.0 = Release|Any CPU
		{8B72CAB6-C52C-4554-A0C3-333909789F39}.Debug|Any CPU.ActiveCfg = Debug|Any CPU
		{8B72CAB6-C52C-4554-A0C3-333909789F39}.Debug|Any CPU.Build.0 = Debug|Any CPU
		{8B72CAB6-C52C-4554-A0C3-333909789F39}.Release|Any CPU.ActiveCfg = Release|Any CPU
		{8B72CAB6-C52C-4554-A0C3-333909789F39}.Release|Any CPU.Build.0 = Release|Any CPU
		{7EBE8565-FC9C-4769-B17E-56F6BBDD4B52}.Debug|Any CPU.ActiveCfg = Debug|Any CPU
		{7EBE8565-FC9C-4769-B17E-56F6BBDD4B52}.Debug|Any CPU.Build.0 = Debug|Any CPU
		{7EBE8565-FC9C-4769-B17E-56F6BBDD4B52}.Release|Any CPU.ActiveCfg = Release|Any CPU
		{7EBE8565-FC9C-4769-B17E-56F6BBDD4B52}.Release|Any CPU.Build.0 = Release|Any CPU
		{7DA9D6EB-69AE-43F7-A59E-E6D6E282B485}.Debug|Any CPU.ActiveCfg = Debug|Any CPU
		{7DA9D6EB-69AE-43F7-A59E-E6D6E282B485}.Debug|Any CPU.Build.0 = Debug|Any CPU
		{7DA9D6EB-69AE-43F7-A59E-E6D6E282B485}.Release|Any CPU.ActiveCfg = Release|Any CPU
		{7DA9D6EB-69AE-43F7-A59E-E6D6E282B485}.Release|Any CPU.Build.0 = Release|Any CPU
	EndGlobalSection
	GlobalSection(SolutionProperties) = preSolution
		HideSolutionNode = FALSE
	EndGlobalSection
	GlobalSection(NestedProjects) = preSolution
		{35F65DD5-0E09-4571-8EF9-60D4D9E529E9} = {6FC4B979-D6EC-475D-9A75-5C38982282D2}
		{6FC4B979-D6EC-475D-9A75-5C38982282D2} = {2C49472A-4D7A-4DCD-883C-75B98D02AEEF}
		{A0A6184A-FFD0-49C4-B4F5-EA49DC9DD498} = {2C49472A-4D7A-4DCD-883C-75B98D02AEEF}
		{217CFECE-C378-4132-A66C-22541FF4CE2D} = {A0A6184A-FFD0-49C4-B4F5-EA49DC9DD498}
		{E4BD55CC-C1BA-47F5-A06A-B2B8EA6F8F26} = {BF6208AD-DFDC-4C9C-8F92-06E856D81608}
		{DA693D23-B4E9-4C05-814A-3596A12C0096} = {7C30B056-951A-4BAE-BFB5-BBDE4C9BBAC1}
		{05E5A84B-78EC-47CD-B46E-19B61599FEA9} = {7C30B056-951A-4BAE-BFB5-BBDE4C9BBAC1}
		{16953952-6EA1-4673-8DC9-E7CC40C8FFDE} = {DA693D23-B4E9-4C05-814A-3596A12C0096}
		{16DFEDD6-A38E-4C8D-A31C-882C02213A35} = {05E5A84B-78EC-47CD-B46E-19B61599FEA9}
		{A9D866EB-7BC2-40CB-9E41-B5CF0206E442} = {2C49472A-4D7A-4DCD-883C-75B98D02AEEF}
		{8B72CAB6-C52C-4554-A0C3-333909789F39} = {A9D866EB-7BC2-40CB-9E41-B5CF0206E442}
		{97BDE335-4FAA-4C00-8345-B5EDB9C9C984} = {7C30B056-951A-4BAE-BFB5-BBDE4C9BBAC1}
		{7EBE8565-FC9C-4769-B17E-56F6BBDD4B52} = {97BDE335-4FAA-4C00-8345-B5EDB9C9C984}
		{7DA9D6EB-69AE-43F7-A59E-E6D6E282B485} = {BF6208AD-DFDC-4C9C-8F92-06E856D81608}
	EndGlobalSection
	GlobalSection(ExtensibilityGlobals) = postSolution
		SolutionGuid = {9CF0E222-6216-4C87-882C-2B23CAA19FCE}
	EndGlobalSection
EndGlobal
