
Microsoft Visual Studio Solution File, Format Version 12.00
# Visual Studio Version 16
VisualStudioVersion = 16.0.29215.179
MinimumVisualStudioVersion = 15.0.26124.0
Project("{2150E333-8FDC-42A3-9474-1A3956D46DE8}") = "QueuesDemo", "QueuesDemo", "{2E94C12F-9F7A-4266-A503-7A79736313C6}"
EndProject
Project("{2150E333-8FDC-42A3-9474-1A3956D46DE8}") = "Begin", "Begin", "{71E6A90A-248F-45B6-8144-4F1933E048E7}"
EndProject
Project("{2150E333-8FDC-42A3-9474-1A3956D46DE8}") = "End", "End", "{BE3533DB-631D-4DD9-A3B6-12130FAD79F1}"
EndProject
Project("{FAE04EC0-301F-11D3-BF4B-00C04F79EFBC}") = "ServiceBusMessageReceiver", "QueuesDemo\Begin\ServiceBusMessageReceiver\ServiceBusMessageReceiver.csproj", "{BB8938C3-0479-4A30-9934-9DEC48BCBEF8}"
EndProject
Project("{FAE04EC0-301F-11D3-BF4B-00C04F79EFBC}") = "ServiceBusMessageSender", "QueuesDemo\End\ServiceBusMessageSender\ServiceBusMessageSender.csproj", "{9C9BF0D1-F38E-44A8-8EDA-2CCFB58A19E9}"
EndProject
Project("{FAE04EC0-301F-11D3-BF4B-00C04F79EFBC}") = "ServiceBusMessageReceiver", "QueuesDemo\End\ServiceBusMessageReceiver\ServiceBusMessageReceiver.csproj", "{E37334B8-701B-4165-B7F5-186A753511F6}"
EndProject
Project("{2150E333-8FDC-42A3-9474-1A3956D46DE8}") = "ServiceBusRelay", "ServiceBusRelay", "{C1D49A45-ACFC-4517-B814-9D6CD54429F4}"
EndProject
Project("{2150E333-8FDC-42A3-9474-1A3956D46DE8}") = "Begin", "Begin", "{DC34B7A3-BC48-48AD-894D-AE8B118F63B7}"
EndProject
Project("{2150E333-8FDC-42A3-9474-1A3956D46DE8}") = "End", "End", "{E0A812AD-E4B4-462B-B4F6-260F8724C865}"
EndProject
Project("{FAE04EC0-301F-11D3-BF4B-00C04F79EFBC}") = "ServiceBusRelay.Contract", "ServiceBusRelay\ServiceBusRelay.Contract\ServiceBusRelay.Contract.csproj", "{56F935EA-4D3F-473C-A86B-D5AE04D2918A}"
EndProject
Project("{FAE04EC0-301F-11D3-BF4B-00C04F79EFBC}") = "ServiceBusRelay.Server", "ServiceBusRelay\begin\ServiceBusRelay.Server\ServiceBusRelay.Server.csproj", "{7785D8DF-6E31-4FE7-9646-9A4DD268778A}"
EndProject
Project("{FAE04EC0-301F-11D3-BF4B-00C04F79EFBC}") = "ServiceBusRelay.WebClient", "ServiceBusRelay\begin\ServiceBusRelay.WebClient\ServiceBusRelay.WebClient.csproj", "{C5330BFD-7C3B-4D0C-9083-D709B1F5253C}"
EndProject
Project("{FAE04EC0-301F-11D3-BF4B-00C04F79EFBC}") = "ServiceBusRelay.Server", "ServiceBusRelay\end\ServiceBusRelay.Server\ServiceBusRelay.Server.csproj", "{AFFE3B0D-7237-49A4-AAAC-F72552396DA1}"
EndProject
Project("{FAE04EC0-301F-11D3-BF4B-00C04F79EFBC}") = "ServiceBusRelay.WebClient", "ServiceBusRelay\end\ServiceBusRelay.WebClient\ServiceBusRelay.WebClient.csproj", "{54DACCBB-69AB-474C-9329-432FFB752F29}"
EndProject
Project("{2150E333-8FDC-42A3-9474-1A3956D46DE8}") = "TopicsDemo", "TopicsDemo", "{9CEFB4F8-704D-4EEE-AE2C-B7D5D09F3ABB}"
EndProject
Project("{FAE04EC0-301F-11D3-BF4B-00C04F79EFBC}") = "AuditSubscriber", "TopicsDemo\AuditSubscriber\AuditSubscriber.csproj", "{F23A4362-6995-4D3C-A51E-C473E2706034}"
EndProject
Project("{FAE04EC0-301F-11D3-BF4B-00C04F79EFBC}") = "CheapPurchasesSubscriber", "TopicsDemo\CheapPurchasesSubscriber\CheapPurchasesSubscriber.csproj", "{32C0B37B-5C5A-4813-B298-B2CC7F9FBEAB}"
EndProject
Project("{FAE04EC0-301F-11D3-BF4B-00C04F79EFBC}") = "ExpensivePurchasesSubscriber", "TopicsDemo\ExpensivePurchasesSubscriber\ExpensivePurchasesSubscriber.csproj", "{D465BFD2-321E-4254-B776-B02A371BAAC2}"
EndProject
Project("{FAE04EC0-301F-11D3-BF4B-00C04F79EFBC}") = "ServiceBusTopicPublisher", "TopicsDemo\ServiceBusTopicPublisher\ServiceBusTopicPublisher.csproj", "{426FE18C-938A-48C7-A9CE-33BD925C97F5}"
EndProject
Global
	GlobalSection(SolutionConfigurationPlatforms) = preSolution
		Debug|Any CPU = Debug|Any CPU
		Debug|x64 = Debug|x64
		Debug|x86 = Debug|x86
		Release|Any CPU = Release|Any CPU
		Release|x64 = Release|x64
		Release|x86 = Release|x86
	EndGlobalSection
	GlobalSection(ProjectConfigurationPlatforms) = postSolution
		{BB8938C3-0479-4A30-9934-9DEC48BCBEF8}.Debug|Any CPU.ActiveCfg = Debug|Any CPU
		{BB8938C3-0479-4A30-9934-9DEC48BCBEF8}.Debug|Any CPU.Build.0 = Debug|Any CPU
		{BB8938C3-0479-4A30-9934-9DEC48BCBEF8}.Debug|x64.ActiveCfg = Debug|Any CPU
		{BB8938C3-0479-4A30-9934-9DEC48BCBEF8}.Debug|x64.Build.0 = Debug|Any CPU
		{BB8938C3-0479-4A30-9934-9DEC48BCBEF8}.Debug|x86.ActiveCfg = Debug|Any CPU
		{BB8938C3-0479-4A30-9934-9DEC48BCBEF8}.Debug|x86.Build.0 = Debug|Any CPU
		{BB8938C3-0479-4A30-9934-9DEC48BCBEF8}.Release|Any CPU.ActiveCfg = Release|Any CPU
		{BB8938C3-0479-4A30-9934-9DEC48BCBEF8}.Release|Any CPU.Build.0 = Release|Any CPU
		{BB8938C3-0479-4A30-9934-9DEC48BCBEF8}.Release|x64.ActiveCfg = Release|Any CPU
		{BB8938C3-0479-4A30-9934-9DEC48BCBEF8}.Release|x64.Build.0 = Release|Any CPU
		{BB8938C3-0479-4A30-9934-9DEC48BCBEF8}.Release|x86.ActiveCfg = Release|Any CPU
		{BB8938C3-0479-4A30-9934-9DEC48BCBEF8}.Release|x86.Build.0 = Release|Any CPU
		{9C9BF0D1-F38E-44A8-8EDA-2CCFB58A19E9}.Debug|Any CPU.ActiveCfg = Debug|Any CPU
		{9C9BF0D1-F38E-44A8-8EDA-2CCFB58A19E9}.Debug|Any CPU.Build.0 = Debug|Any CPU
		{9C9BF0D1-F38E-44A8-8EDA-2CCFB58A19E9}.Debug|x64.ActiveCfg = Debug|Any CPU
		{9C9BF0D1-F38E-44A8-8EDA-2CCFB58A19E9}.Debug|x64.Build.0 = Debug|Any CPU
		{9C9BF0D1-F38E-44A8-8EDA-2CCFB58A19E9}.Debug|x86.ActiveCfg = Debug|Any CPU
		{9C9BF0D1-F38E-44A8-8EDA-2CCFB58A19E9}.Debug|x86.Build.0 = Debug|Any CPU
		{9C9BF0D1-F38E-44A8-8EDA-2CCFB58A19E9}.Release|Any CPU.ActiveCfg = Release|Any CPU
		{9C9BF0D1-F38E-44A8-8EDA-2CCFB58A19E9}.Release|Any CPU.Build.0 = Release|Any CPU
		{9C9BF0D1-F38E-44A8-8EDA-2CCFB58A19E9}.Release|x64.ActiveCfg = Release|Any CPU
		{9C9BF0D1-F38E-44A8-8EDA-2CCFB58A19E9}.Release|x64.Build.0 = Release|Any CPU
		{9C9BF0D1-F38E-44A8-8EDA-2CCFB58A19E9}.Release|x86.ActiveCfg = Release|Any CPU
		{9C9BF0D1-F38E-44A8-8EDA-2CCFB58A19E9}.Release|x86.Build.0 = Release|Any CPU
		{E37334B8-701B-4165-B7F5-186A753511F6}.Debug|Any CPU.ActiveCfg = Debug|Any CPU
		{E37334B8-701B-4165-B7F5-186A753511F6}.Debug|Any CPU.Build.0 = Debug|Any CPU
		{E37334B8-701B-4165-B7F5-186A753511F6}.Debug|x64.ActiveCfg = Debug|Any CPU
		{E37334B8-701B-4165-B7F5-186A753511F6}.Debug|x64.Build.0 = Debug|Any CPU
		{E37334B8-701B-4165-B7F5-186A753511F6}.Debug|x86.ActiveCfg = Debug|Any CPU
		{E37334B8-701B-4165-B7F5-186A753511F6}.Debug|x86.Build.0 = Debug|Any CPU
		{E37334B8-701B-4165-B7F5-186A753511F6}.Release|Any CPU.ActiveCfg = Release|Any CPU
		{E37334B8-701B-4165-B7F5-186A753511F6}.Release|Any CPU.Build.0 = Release|Any CPU
		{E37334B8-701B-4165-B7F5-186A753511F6}.Release|x64.ActiveCfg = Release|Any CPU
		{E37334B8-701B-4165-B7F5-186A753511F6}.Release|x64.Build.0 = Release|Any CPU
		{E37334B8-701B-4165-B7F5-186A753511F6}.Release|x86.ActiveCfg = Release|Any CPU
		{E37334B8-701B-4165-B7F5-186A753511F6}.Release|x86.Build.0 = Release|Any CPU
		{56F935EA-4D3F-473C-A86B-D5AE04D2918A}.Debug|Any CPU.ActiveCfg = Debug|Any CPU
		{56F935EA-4D3F-473C-A86B-D5AE04D2918A}.Debug|Any CPU.Build.0 = Debug|Any CPU
		{56F935EA-4D3F-473C-A86B-D5AE04D2918A}.Debug|x64.ActiveCfg = Debug|Any CPU
		{56F935EA-4D3F-473C-A86B-D5AE04D2918A}.Debug|x64.Build.0 = Debug|Any CPU
		{56F935EA-4D3F-473C-A86B-D5AE04D2918A}.Debug|x86.ActiveCfg = Debug|Any CPU
		{56F935EA-4D3F-473C-A86B-D5AE04D2918A}.Debug|x86.Build.0 = Debug|Any CPU
		{56F935EA-4D3F-473C-A86B-D5AE04D2918A}.Release|Any CPU.ActiveCfg = Release|Any CPU
		{56F935EA-4D3F-473C-A86B-D5AE04D2918A}.Release|Any CPU.Build.0 = Release|Any CPU
		{56F935EA-4D3F-473C-A86B-D5AE04D2918A}.Release|x64.ActiveCfg = Release|Any CPU
		{56F935EA-4D3F-473C-A86B-D5AE04D2918A}.Release|x64.Build.0 = Release|Any CPU
		{56F935EA-4D3F-473C-A86B-D5AE04D2918A}.Release|x86.ActiveCfg = Release|Any CPU
		{56F935EA-4D3F-473C-A86B-D5AE04D2918A}.Release|x86.Build.0 = Release|Any CPU
		{7785D8DF-6E31-4FE7-9646-9A4DD268778A}.Debug|Any CPU.ActiveCfg = Debug|Any CPU
		{7785D8DF-6E31-4FE7-9646-9A4DD268778A}.Debug|Any CPU.Build.0 = Debug|Any CPU
		{7785D8DF-6E31-4FE7-9646-9A4DD268778A}.Debug|x64.ActiveCfg = Debug|Any CPU
		{7785D8DF-6E31-4FE7-9646-9A4DD268778A}.Debug|x64.Build.0 = Debug|Any CPU
		{7785D8DF-6E31-4FE7-9646-9A4DD268778A}.Debug|x86.ActiveCfg = Debug|Any CPU
		{7785D8DF-6E31-4FE7-9646-9A4DD268778A}.Debug|x86.Build.0 = Debug|Any CPU
		{7785D8DF-6E31-4FE7-9646-9A4DD268778A}.Release|Any CPU.ActiveCfg = Release|Any CPU
		{7785D8DF-6E31-4FE7-9646-9A4DD268778A}.Release|Any CPU.Build.0 = Release|Any CPU
		{7785D8DF-6E31-4FE7-9646-9A4DD268778A}.Release|x64.ActiveCfg = Release|Any CPU
		{7785D8DF-6E31-4FE7-9646-9A4DD268778A}.Release|x64.Build.0 = Release|Any CPU
		{7785D8DF-6E31-4FE7-9646-9A4DD268778A}.Release|x86.ActiveCfg = Release|Any CPU
		{7785D8DF-6E31-4FE7-9646-9A4DD268778A}.Release|x86.Build.0 = Release|Any CPU
		{C5330BFD-7C3B-4D0C-9083-D709B1F5253C}.Debug|Any CPU.ActiveCfg = Debug|Any CPU
		{C5330BFD-7C3B-4D0C-9083-D709B1F5253C}.Debug|Any CPU.Build.0 = Debug|Any CPU
		{C5330BFD-7C3B-4D0C-9083-D709B1F5253C}.Debug|x64.ActiveCfg = Debug|Any CPU
		{C5330BFD-7C3B-4D0C-9083-D709B1F5253C}.Debug|x64.Build.0 = Debug|Any CPU
		{C5330BFD-7C3B-4D0C-9083-D709B1F5253C}.Debug|x86.ActiveCfg = Debug|Any CPU
		{C5330BFD-7C3B-4D0C-9083-D709B1F5253C}.Debug|x86.Build.0 = Debug|Any CPU
		{C5330BFD-7C3B-4D0C-9083-D709B1F5253C}.Release|Any CPU.ActiveCfg = Release|Any CPU
		{C5330BFD-7C3B-4D0C-9083-D709B1F5253C}.Release|Any CPU.Build.0 = Release|Any CPU
		{C5330BFD-7C3B-4D0C-9083-D709B1F5253C}.Release|x64.ActiveCfg = Release|Any CPU
		{C5330BFD-7C3B-4D0C-9083-D709B1F5253C}.Release|x64.Build.0 = Release|Any CPU
		{C5330BFD-7C3B-4D0C-9083-D709B1F5253C}.Release|x86.ActiveCfg = Release|Any CPU
		{C5330BFD-7C3B-4D0C-9083-D709B1F5253C}.Release|x86.Build.0 = Release|Any CPU
		{AFFE3B0D-7237-49A4-AAAC-F72552396DA1}.Debug|Any CPU.ActiveCfg = Debug|Any CPU
		{AFFE3B0D-7237-49A4-AAAC-F72552396DA1}.Debug|Any CPU.Build.0 = Debug|Any CPU
		{AFFE3B0D-7237-49A4-AAAC-F72552396DA1}.Debug|x64.ActiveCfg = Debug|Any CPU
		{AFFE3B0D-7237-49A4-AAAC-F72552396DA1}.Debug|x64.Build.0 = Debug|Any CPU
		{AFFE3B0D-7237-49A4-AAAC-F72552396DA1}.Debug|x86.ActiveCfg = Debug|Any CPU
		{AFFE3B0D-7237-49A4-AAAC-F72552396DA1}.Debug|x86.Build.0 = Debug|Any CPU
		{AFFE3B0D-7237-49A4-AAAC-F72552396DA1}.Release|Any CPU.ActiveCfg = Release|Any CPU
		{AFFE3B0D-7237-49A4-AAAC-F72552396DA1}.Release|Any CPU.Build.0 = Release|Any CPU
		{AFFE3B0D-7237-49A4-AAAC-F72552396DA1}.Release|x64.ActiveCfg = Release|Any CPU
		{AFFE3B0D-7237-49A4-AAAC-F72552396DA1}.Release|x64.Build.0 = Release|Any CPU
		{AFFE3B0D-7237-49A4-AAAC-F72552396DA1}.Release|x86.ActiveCfg = Release|Any CPU
		{AFFE3B0D-7237-49A4-AAAC-F72552396DA1}.Release|x86.Build.0 = Release|Any CPU
		{54DACCBB-69AB-474C-9329-432FFB752F29}.Debug|Any CPU.ActiveCfg = Debug|Any CPU
		{54DACCBB-69AB-474C-9329-432FFB752F29}.Debug|Any CPU.Build.0 = Debug|Any CPU
		{54DACCBB-69AB-474C-9329-432FFB752F29}.Debug|x64.ActiveCfg = Debug|Any CPU
		{54DACCBB-69AB-474C-9329-432FFB752F29}.Debug|x64.Build.0 = Debug|Any CPU
		{54DACCBB-69AB-474C-9329-432FFB752F29}.Debug|x86.ActiveCfg = Debug|Any CPU
		{54DACCBB-69AB-474C-9329-432FFB752F29}.Debug|x86.Build.0 = Debug|Any CPU
		{54DACCBB-69AB-474C-9329-432FFB752F29}.Release|Any CPU.ActiveCfg = Release|Any CPU
		{54DACCBB-69AB-474C-9329-432FFB752F29}.Release|Any CPU.Build.0 = Release|Any CPU
		{54DACCBB-69AB-474C-9329-432FFB752F29}.Release|x64.ActiveCfg = Release|Any CPU
		{54DACCBB-69AB-474C-9329-432FFB752F29}.Release|x64.Build.0 = Release|Any CPU
		{54DACCBB-69AB-474C-9329-432FFB752F29}.Release|x86.ActiveCfg = Release|Any CPU
		{54DACCBB-69AB-474C-9329-432FFB752F29}.Release|x86.Build.0 = Release|Any CPU
		{F23A4362-6995-4D3C-A51E-C473E2706034}.Debug|Any CPU.ActiveCfg = Debug|Any CPU
		{F23A4362-6995-4D3C-A51E-C473E2706034}.Debug|Any CPU.Build.0 = Debug|Any CPU
		{F23A4362-6995-4D3C-A51E-C473E2706034}.Debug|x64.ActiveCfg = Debug|Any CPU
		{F23A4362-6995-4D3C-A51E-C473E2706034}.Debug|x64.Build.0 = Debug|Any CPU
		{F23A4362-6995-4D3C-A51E-C473E2706034}.Debug|x86.ActiveCfg = Debug|Any CPU
		{F23A4362-6995-4D3C-A51E-C473E2706034}.Debug|x86.Build.0 = Debug|Any CPU
		{F23A4362-6995-4D3C-A51E-C473E2706034}.Release|Any CPU.ActiveCfg = Release|Any CPU
		{F23A4362-6995-4D3C-A51E-C473E2706034}.Release|Any CPU.Build.0 = Release|Any CPU
		{F23A4362-6995-4D3C-A51E-C473E2706034}.Release|x64.ActiveCfg = Release|Any CPU
		{F23A4362-6995-4D3C-A51E-C473E2706034}.Release|x64.Build.0 = Release|Any CPU
		{F23A4362-6995-4D3C-A51E-C473E2706034}.Release|x86.ActiveCfg = Release|Any CPU
		{F23A4362-6995-4D3C-A51E-C473E2706034}.Release|x86.Build.0 = Release|Any CPU
		{32C0B37B-5C5A-4813-B298-B2CC7F9FBEAB}.Debug|Any CPU.ActiveCfg = Debug|Any CPU
		{32C0B37B-5C5A-4813-B298-B2CC7F9FBEAB}.Debug|Any CPU.Build.0 = Debug|Any CPU
		{32C0B37B-5C5A-4813-B298-B2CC7F9FBEAB}.Debug|x64.ActiveCfg = Debug|Any CPU
		{32C0B37B-5C5A-4813-B298-B2CC7F9FBEAB}.Debug|x64.Build.0 = Debug|Any CPU
		{32C0B37B-5C5A-4813-B298-B2CC7F9FBEAB}.Debug|x86.ActiveCfg = Debug|Any CPU
		{32C0B37B-5C5A-4813-B298-B2CC7F9FBEAB}.Debug|x86.Build.0 = Debug|Any CPU
		{32C0B37B-5C5A-4813-B298-B2CC7F9FBEAB}.Release|Any CPU.ActiveCfg = Release|Any CPU
		{32C0B37B-5C5A-4813-B298-B2CC7F9FBEAB}.Release|Any CPU.Build.0 = Release|Any CPU
		{32C0B37B-5C5A-4813-B298-B2CC7F9FBEAB}.Release|x64.ActiveCfg = Release|Any CPU
		{32C0B37B-5C5A-4813-B298-B2CC7F9FBEAB}.Release|x64.Build.0 = Release|Any CPU
		{32C0B37B-5C5A-4813-B298-B2CC7F9FBEAB}.Release|x86.ActiveCfg = Release|Any CPU
		{32C0B37B-5C5A-4813-B298-B2CC7F9FBEAB}.Release|x86.Build.0 = Release|Any CPU
		{D465BFD2-321E-4254-B776-B02A371BAAC2}.Debug|Any CPU.ActiveCfg = Debug|Any CPU
		{D465BFD2-321E-4254-B776-B02A371BAAC2}.Debug|Any CPU.Build.0 = Debug|Any CPU
		{D465BFD2-321E-4254-B776-B02A371BAAC2}.Debug|x64.ActiveCfg = Debug|Any CPU
		{D465BFD2-321E-4254-B776-B02A371BAAC2}.Debug|x64.Build.0 = Debug|Any CPU
		{D465BFD2-321E-4254-B776-B02A371BAAC2}.Debug|x86.ActiveCfg = Debug|Any CPU
		{D465BFD2-321E-4254-B776-B02A371BAAC2}.Debug|x86.Build.0 = Debug|Any CPU
		{D465BFD2-321E-4254-B776-B02A371BAAC2}.Release|Any CPU.ActiveCfg = Release|Any CPU
		{D465BFD2-321E-4254-B776-B02A371BAAC2}.Release|Any CPU.Build.0 = Release|Any CPU
		{D465BFD2-321E-4254-B776-B02A371BAAC2}.Release|x64.ActiveCfg = Release|Any CPU
		{D465BFD2-321E-4254-B776-B02A371BAAC2}.Release|x64.Build.0 = Release|Any CPU
		{D465BFD2-321E-4254-B776-B02A371BAAC2}.Release|x86.ActiveCfg = Release|Any CPU
		{D465BFD2-321E-4254-B776-B02A371BAAC2}.Release|x86.Build.0 = Release|Any CPU
		{426FE18C-938A-48C7-A9CE-33BD925C97F5}.Debug|Any CPU.ActiveCfg = Debug|Any CPU
		{426FE18C-938A-48C7-A9CE-33BD925C97F5}.Debug|Any CPU.Build.0 = Debug|Any CPU
		{426FE18C-938A-48C7-A9CE-33BD925C97F5}.Debug|x64.ActiveCfg = Debug|Any CPU
		{426FE18C-938A-48C7-A9CE-33BD925C97F5}.Debug|x64.Build.0 = Debug|Any CPU
		{426FE18C-938A-48C7-A9CE-33BD925C97F5}.Debug|x86.ActiveCfg = Debug|Any CPU
		{426FE18C-938A-48C7-A9CE-33BD925C97F5}.Debug|x86.Build.0 = Debug|Any CPU
		{426FE18C-938A-48C7-A9CE-33BD925C97F5}.Release|Any CPU.ActiveCfg = Release|Any CPU
		{426FE18C-938A-48C7-A9CE-33BD925C97F5}.Release|Any CPU.Build.0 = Release|Any CPU
		{426FE18C-938A-48C7-A9CE-33BD925C97F5}.Release|x64.ActiveCfg = Release|Any CPU
		{426FE18C-938A-48C7-A9CE-33BD925C97F5}.Release|x64.Build.0 = Release|Any CPU
		{426FE18C-938A-48C7-A9CE-33BD925C97F5}.Release|x86.ActiveCfg = Release|Any CPU
		{426FE18C-938A-48C7-A9CE-33BD925C97F5}.Release|x86.Build.0 = Release|Any CPU
	EndGlobalSection
	GlobalSection(SolutionProperties) = preSolution
		HideSolutionNode = FALSE
	EndGlobalSection
	GlobalSection(NestedProjects) = preSolution
		{71E6A90A-248F-45B6-8144-4F1933E048E7} = {2E94C12F-9F7A-4266-A503-7A79736313C6}
		{BE3533DB-631D-4DD9-A3B6-12130FAD79F1} = {2E94C12F-9F7A-4266-A503-7A79736313C6}
		{BB8938C3-0479-4A30-9934-9DEC48BCBEF8} = {71E6A90A-248F-45B6-8144-4F1933E048E7}
		{9C9BF0D1-F38E-44A8-8EDA-2CCFB58A19E9} = {BE3533DB-631D-4DD9-A3B6-12130FAD79F1}
		{E37334B8-701B-4165-B7F5-186A753511F6} = {BE3533DB-631D-4DD9-A3B6-12130FAD79F1}
		{DC34B7A3-BC48-48AD-894D-AE8B118F63B7} = {C1D49A45-ACFC-4517-B814-9D6CD54429F4}
		{E0A812AD-E4B4-462B-B4F6-260F8724C865} = {C1D49A45-ACFC-4517-B814-9D6CD54429F4}
		{56F935EA-4D3F-473C-A86B-D5AE04D2918A} = {C1D49A45-ACFC-4517-B814-9D6CD54429F4}
		{7785D8DF-6E31-4FE7-9646-9A4DD268778A} = {DC34B7A3-BC48-48AD-894D-AE8B118F63B7}
		{C5330BFD-7C3B-4D0C-9083-D709B1F5253C} = {DC34B7A3-BC48-48AD-894D-AE8B118F63B7}
		{AFFE3B0D-7237-49A4-AAAC-F72552396DA1} = {E0A812AD-E4B4-462B-B4F6-260F8724C865}
		{54DACCBB-69AB-474C-9329-432FFB752F29} = {E0A812AD-E4B4-462B-B4F6-260F8724C865}
		{F23A4362-6995-4D3C-A51E-C473E2706034} = {9CEFB4F8-704D-4EEE-AE2C-B7D5D09F3ABB}
		{32C0B37B-5C5A-4813-B298-B2CC7F9FBEAB} = {9CEFB4F8-704D-4EEE-AE2C-B7D5D09F3ABB}
		{D465BFD2-321E-4254-B776-B02A371BAAC2} = {9CEFB4F8-704D-4EEE-AE2C-B7D5D09F3ABB}
		{426FE18C-938A-48C7-A9CE-33BD925C97F5} = {9CEFB4F8-704D-4EEE-AE2C-B7D5D09F3ABB}
	EndGlobalSection
	GlobalSection(ExtensibilityGlobals) = postSolution
		SolutionGuid = {DB575C5E-DE97-4C69-98B4-C0551D3501F3}
	EndGlobalSection
EndGlobal
