
Microsoft Visual Studio Solution File, Format Version 12.00
# Visual Studio Version 16
VisualStudioVersion = 16.0.29215.179
MinimumVisualStudioVersion = 15.0.26124.0
Project("{2150E333-8FDC-42A3-9474-1A3956D46DE8}") = "HostingInMicrosoftAzure", "HostingInMicrosoftAzure", "{FB648531-72E5-441B-BC93-9E0ACD45839C}"
EndProject
Project("{2150E333-8FDC-42A3-9474-1A3956D46DE8}") = "HostWCFServicesIIS", "HostWCFServicesIIS", "{ADCDB4B5-F8B6-4B59-BF5D-2B481A46A526}"
EndProject
Project("{FAE04EC0-301F-11D3-BF4B-00C04F79EFBC}") = "MyWebSite", "HostingInMicrosoftAzure\MyWebSite.csproj", "{D08BC36D-A240-4C67-875A-31E4C9C9660F}"
EndProject
Project("{FAE04EC0-301F-11D3-BF4B-00C04F79EFBC}") = "MyIISService", "HostWCFServicesIIS\End\MyIISService.csproj", "{0AFDB785-E78E-407A-A194-67CA5AAD42F0}"
EndProject
Global
	GlobalSection(SolutionConfigurationPlatforms) = preSolution
		Debug|Any CPU = Debug|Any CPU
		Debug|x64 = Debug|x64
		Debug|x86 = Debug|x86
		Release|Any CPU = Release|Any CPU
		Release|x64 = Release|x64
		Release|x86 = Release|x86
	EndGlobalSection
	GlobalSection(ProjectConfigurationPlatforms) = postSolution
		{D08BC36D-A240-4C67-875A-31E4C9C9660F}.Debug|Any CPU.ActiveCfg = Debug|Any CPU
		{D08BC36D-A240-4C67-875A-31E4C9C9660F}.Debug|Any CPU.Build.0 = Debug|Any CPU
		{D08BC36D-A240-4C67-875A-31E4C9C9660F}.Debug|x64.ActiveCfg = Debug|Any CPU
		{D08BC36D-A240-4C67-875A-31E4C9C9660F}.Debug|x64.Build.0 = Debug|Any CPU
		{D08BC36D-A240-4C67-875A-31E4C9C9660F}.Debug|x86.ActiveCfg = Debug|Any CPU
		{D08BC36D-A240-4C67-875A-31E4C9C9660F}.Debug|x86.Build.0 = Debug|Any CPU
		{D08BC36D-A240-4C67-875A-31E4C9C9660F}.Release|Any CPU.ActiveCfg = Release|Any CPU
		{D08BC36D-A240-4C67-875A-31E4C9C9660F}.Release|Any CPU.Build.0 = Release|Any CPU
		{D08BC36D-A240-4C67-875A-31E4C9C9660F}.Release|x64.ActiveCfg = Release|Any CPU
		{D08BC36D-A240-4C67-875A-31E4C9C9660F}.Release|x64.Build.0 = Release|Any CPU
		{D08BC36D-A240-4C67-875A-31E4C9C9660F}.Release|x86.ActiveCfg = Release|Any CPU
		{D08BC36D-A240-4C67-875A-31E4C9C9660F}.Release|x86.Build.0 = Release|Any CPU
		{0AFDB785-E78E-407A-A194-67CA5AAD42F0}.Debug|Any CPU.ActiveCfg = Debug|Any CPU
		{0AFDB785-E78E-407A-A194-67CA5AAD42F0}.Debug|Any CPU.Build.0 = Debug|Any CPU
		{0AFDB785-E78E-407A-A194-67CA5AAD42F0}.Debug|x64.ActiveCfg = Debug|Any CPU
		{0AFDB785-E78E-407A-A194-67CA5AAD42F0}.Debug|x64.Build.0 = Debug|Any CPU
		{0AFDB785-E78E-407A-A194-67CA5AAD42F0}.Debug|x86.ActiveCfg = Debug|Any CPU
		{0AFDB785-E78E-407A-A194-67CA5AAD42F0}.Debug|x86.Build.0 = Debug|Any CPU
		{0AFDB785-E78E-407A-A194-67CA5AAD42F0}.Release|Any CPU.ActiveCfg = Release|Any CPU
		{0AFDB785-E78E-407A-A194-67CA5AAD42F0}.Release|Any CPU.Build.0 = Release|Any CPU
		{0AFDB785-E78E-407A-A194-67CA5AAD42F0}.Release|x64.ActiveCfg = Release|Any CPU
		{0AFDB785-E78E-407A-A194-67CA5AAD42F0}.Release|x64.Build.0 = Release|Any CPU
		{0AFDB785-E78E-407A-A194-67CA5AAD42F0}.Release|x86.ActiveCfg = Release|Any CPU
		{0AFDB785-E78E-407A-A194-67CA5AAD42F0}.Release|x86.Build.0 = Release|Any CPU
	EndGlobalSection
	GlobalSection(SolutionProperties) = preSolution
		HideSolutionNode = FALSE
	EndGlobalSection
	GlobalSection(NestedProjects) = preSolution
		{D08BC36D-A240-4C67-875A-31E4C9C9660F} = {FB648531-72E5-441B-BC93-9E0ACD45839C}
		{0AFDB785-E78E-407A-A194-67CA5AAD42F0} = {ADCDB4B5-F8B6-4B59-BF5D-2B481A46A526}
	EndGlobalSection
	GlobalSection(ExtensibilityGlobals) = postSolution
		SolutionGuid = {1F574C37-E018-4DC2-8416-89D8650320BA}
	EndGlobalSection
EndGlobal
