
Microsoft Visual Studio Solution File, Format Version 12.00
# Visual Studio Version 16
VisualStudioVersion = 16.0.29215.179
MinimumVisualStudioVersion = 15.0.26124.0
Project("{2150E333-8FDC-42A3-9474-1A3956D46DE8}") = "AzureADWebApp", "AzureADWebApp", "{25AB1BF3-F5F2-47BD-A946-A26A7F9959F5}"
EndProject
Project("{FAE04EC0-301F-11D3-BF4B-00C04F79EFBC}") = "AzureADWebApp", "AzureADWebApp\AzureADWebApp.csproj", "{3ED3F5E8-0740-476A-8C39-5EE1043B857E}"
EndProject
Project("{2150E333-8FDC-42A3-9474-1A3956D46DE8}") = "AzureSocialLoginB2C", "AzureSocialLoginB2C", "{0DDB8951-F8F2-457A-BB42-9F72A82D7355}"
EndProject
Project("{FAE04EC0-301F-11D3-BF4B-00C04F79EFBC}") = "AzureSocialLoginB2C", "AzureSocialLoginB2C\AzureSocialLoginB2C.csproj", "{CFD1F1BC-25AB-405E-A0DD-AC6668799850}"
EndProject
Project("{2150E333-8FDC-42A3-9474-1A3956D46DE8}") = "ClientAppUsingB2C", "ClientAppUsingB2C", "{5AE243DC-00B3-4C71-9937-88199946211B}"
EndProject
Project("{FAE04EC0-301F-11D3-BF4B-00C04F79EFBC}") = "ClientAppUsingB2C.Client", "ClientAppUsingB2C\ClientAppUsingB2C.Client\ClientAppUsingB2C.Client.csproj", "{E62610C3-4332-4D56-A435-1A6CB8B510EA}"
EndProject
Project("{FAE04EC0-301F-11D3-BF4B-00C04F79EFBC}") = "ClientAppUsingB2C.Server", "ClientAppUsingB2C\ClientAppUsingB2C.Server\ClientAppUsingB2C.Server.csproj", "{2E44F5AA-3FEB-444E-8479-C489AE75AA19}"
EndProject
Global
	GlobalSection(SolutionConfigurationPlatforms) = preSolution
		Debug|Any CPU = Debug|Any CPU
		Debug|ARM = Debug|ARM
		Debug|x64 = Debug|x64
		Debug|x86 = Debug|x86
		Release|Any CPU = Release|Any CPU
		Release|ARM = Release|ARM
		Release|x64 = Release|x64
		Release|x86 = Release|x86
	EndGlobalSection
	GlobalSection(ProjectConfigurationPlatforms) = postSolution
		{3ED3F5E8-0740-476A-8C39-5EE1043B857E}.Debug|Any CPU.ActiveCfg = Debug|Any CPU
		{3ED3F5E8-0740-476A-8C39-5EE1043B857E}.Debug|Any CPU.Build.0 = Debug|Any CPU
		{3ED3F5E8-0740-476A-8C39-5EE1043B857E}.Debug|ARM.ActiveCfg = Debug|Any CPU
		{3ED3F5E8-0740-476A-8C39-5EE1043B857E}.Debug|ARM.Build.0 = Debug|Any CPU
		{3ED3F5E8-0740-476A-8C39-5EE1043B857E}.Debug|x64.ActiveCfg = Debug|Any CPU
		{3ED3F5E8-0740-476A-8C39-5EE1043B857E}.Debug|x64.Build.0 = Debug|Any CPU
		{3ED3F5E8-0740-476A-8C39-5EE1043B857E}.Debug|x86.ActiveCfg = Debug|Any CPU
		{3ED3F5E8-0740-476A-8C39-5EE1043B857E}.Debug|x86.Build.0 = Debug|Any CPU
		{3ED3F5E8-0740-476A-8C39-5EE1043B857E}.Release|Any CPU.ActiveCfg = Release|Any CPU
		{3ED3F5E8-0740-476A-8C39-5EE1043B857E}.Release|Any CPU.Build.0 = Release|Any CPU
		{3ED3F5E8-0740-476A-8C39-5EE1043B857E}.Release|ARM.ActiveCfg = Release|Any CPU
		{3ED3F5E8-0740-476A-8C39-5EE1043B857E}.Release|ARM.Build.0 = Release|Any CPU
		{3ED3F5E8-0740-476A-8C39-5EE1043B857E}.Release|x64.ActiveCfg = Release|Any CPU
		{3ED3F5E8-0740-476A-8C39-5EE1043B857E}.Release|x64.Build.0 = Release|Any CPU
		{3ED3F5E8-0740-476A-8C39-5EE1043B857E}.Release|x86.ActiveCfg = Release|Any CPU
		{3ED3F5E8-0740-476A-8C39-5EE1043B857E}.Release|x86.Build.0 = Release|Any CPU
		{CFD1F1BC-25AB-405E-A0DD-AC6668799850}.Debug|Any CPU.ActiveCfg = Debug|Any CPU
		{CFD1F1BC-25AB-405E-A0DD-AC6668799850}.Debug|Any CPU.Build.0 = Debug|Any CPU
		{CFD1F1BC-25AB-405E-A0DD-AC6668799850}.Debug|ARM.ActiveCfg = Debug|Any CPU
		{CFD1F1BC-25AB-405E-A0DD-AC6668799850}.Debug|ARM.Build.0 = Debug|Any CPU
		{CFD1F1BC-25AB-405E-A0DD-AC6668799850}.Debug|x64.ActiveCfg = Debug|Any CPU
		{CFD1F1BC-25AB-405E-A0DD-AC6668799850}.Debug|x64.Build.0 = Debug|Any CPU
		{CFD1F1BC-25AB-405E-A0DD-AC6668799850}.Debug|x86.ActiveCfg = Debug|Any CPU
		{CFD1F1BC-25AB-405E-A0DD-AC6668799850}.Debug|x86.Build.0 = Debug|Any CPU
		{CFD1F1BC-25AB-405E-A0DD-AC6668799850}.Release|Any CPU.ActiveCfg = Release|Any CPU
		{CFD1F1BC-25AB-405E-A0DD-AC6668799850}.Release|Any CPU.Build.0 = Release|Any CPU
		{CFD1F1BC-25AB-405E-A0DD-AC6668799850}.Release|ARM.ActiveCfg = Release|Any CPU
		{CFD1F1BC-25AB-405E-A0DD-AC6668799850}.Release|ARM.Build.0 = Release|Any CPU
		{CFD1F1BC-25AB-405E-A0DD-AC6668799850}.Release|x64.ActiveCfg = Release|Any CPU
		{CFD1F1BC-25AB-405E-A0DD-AC6668799850}.Release|x64.Build.0 = Release|Any CPU
		{CFD1F1BC-25AB-405E-A0DD-AC6668799850}.Release|x86.ActiveCfg = Release|Any CPU
		{CFD1F1BC-25AB-405E-A0DD-AC6668799850}.Release|x86.Build.0 = Release|Any CPU
		{E62610C3-4332-4D56-A435-1A6CB8B510EA}.Debug|Any CPU.ActiveCfg = Debug|x86
		{E62610C3-4332-4D56-A435-1A6CB8B510EA}.Debug|ARM.ActiveCfg = Debug|ARM
		{E62610C3-4332-4D56-A435-1A6CB8B510EA}.Debug|ARM.Build.0 = Debug|ARM
		{E62610C3-4332-4D56-A435-1A6CB8B510EA}.Debug|ARM.Deploy.0 = Debug|ARM
		{E62610C3-4332-4D56-A435-1A6CB8B510EA}.Debug|x64.ActiveCfg = Debug|x64
		{E62610C3-4332-4D56-A435-1A6CB8B510EA}.Debug|x64.Build.0 = Debug|x64
		{E62610C3-4332-4D56-A435-1A6CB8B510EA}.Debug|x64.Deploy.0 = Debug|x64
		{E62610C3-4332-4D56-A435-1A6CB8B510EA}.Debug|x86.ActiveCfg = Debug|x86
		{E62610C3-4332-4D56-A435-1A6CB8B510EA}.Debug|x86.Build.0 = Debug|x86
		{E62610C3-4332-4D56-A435-1A6CB8B510EA}.Debug|x86.Deploy.0 = Debug|x86
		{E62610C3-4332-4D56-A435-1A6CB8B510EA}.Release|Any CPU.ActiveCfg = Release|x86
		{E62610C3-4332-4D56-A435-1A6CB8B510EA}.Release|ARM.ActiveCfg = Release|ARM
		{E62610C3-4332-4D56-A435-1A6CB8B510EA}.Release|ARM.Build.0 = Release|ARM
		{E62610C3-4332-4D56-A435-1A6CB8B510EA}.Release|ARM.Deploy.0 = Release|ARM
		{E62610C3-4332-4D56-A435-1A6CB8B510EA}.Release|x64.ActiveCfg = Release|x64
		{E62610C3-4332-4D56-A435-1A6CB8B510EA}.Release|x64.Build.0 = Release|x64
		{E62610C3-4332-4D56-A435-1A6CB8B510EA}.Release|x64.Deploy.0 = Release|x64
		{E62610C3-4332-4D56-A435-1A6CB8B510EA}.Release|x86.ActiveCfg = Release|x86
		{E62610C3-4332-4D56-A435-1A6CB8B510EA}.Release|x86.Build.0 = Release|x86
		{E62610C3-4332-4D56-A435-1A6CB8B510EA}.Release|x86.Deploy.0 = Release|x86
		{2E44F5AA-3FEB-444E-8479-C489AE75AA19}.Debug|Any CPU.ActiveCfg = Debug|Any CPU
		{2E44F5AA-3FEB-444E-8479-C489AE75AA19}.Debug|Any CPU.Build.0 = Debug|Any CPU
		{2E44F5AA-3FEB-444E-8479-C489AE75AA19}.Debug|ARM.ActiveCfg = Debug|Any CPU
		{2E44F5AA-3FEB-444E-8479-C489AE75AA19}.Debug|ARM.Build.0 = Debug|Any CPU
		{2E44F5AA-3FEB-444E-8479-C489AE75AA19}.Debug|x64.ActiveCfg = Debug|Any CPU
		{2E44F5AA-3FEB-444E-8479-C489AE75AA19}.Debug|x64.Build.0 = Debug|Any CPU
		{2E44F5AA-3FEB-444E-8479-C489AE75AA19}.Debug|x86.ActiveCfg = Debug|Any CPU
		{2E44F5AA-3FEB-444E-8479-C489AE75AA19}.Debug|x86.Build.0 = Debug|Any CPU
		{2E44F5AA-3FEB-444E-8479-C489AE75AA19}.Release|Any CPU.ActiveCfg = Release|Any CPU
		{2E44F5AA-3FEB-444E-8479-C489AE75AA19}.Release|Any CPU.Build.0 = Release|Any CPU
		{2E44F5AA-3FEB-444E-8479-C489AE75AA19}.Release|ARM.ActiveCfg = Release|Any CPU
		{2E44F5AA-3FEB-444E-8479-C489AE75AA19}.Release|ARM.Build.0 = Release|Any CPU
		{2E44F5AA-3FEB-444E-8479-C489AE75AA19}.Release|x64.ActiveCfg = Release|Any CPU
		{2E44F5AA-3FEB-444E-8479-C489AE75AA19}.Release|x64.Build.0 = Release|Any CPU
		{2E44F5AA-3FEB-444E-8479-C489AE75AA19}.Release|x86.ActiveCfg = Release|Any CPU
		{2E44F5AA-3FEB-444E-8479-C489AE75AA19}.Release|x86.Build.0 = Release|Any CPU
	EndGlobalSection
	GlobalSection(SolutionProperties) = preSolution
		HideSolutionNode = FALSE
	EndGlobalSection
	GlobalSection(NestedProjects) = preSolution
		{3ED3F5E8-0740-476A-8C39-5EE1043B857E} = {25AB1BF3-F5F2-47BD-A946-A26A7F9959F5}
		{CFD1F1BC-25AB-405E-A0DD-AC6668799850} = {0DDB8951-F8F2-457A-BB42-9F72A82D7355}
		{E62610C3-4332-4D56-A435-1A6CB8B510EA} = {5AE243DC-00B3-4C71-9937-88199946211B}
		{2E44F5AA-3FEB-444E-8479-C489AE75AA19} = {5AE243DC-00B3-4C71-9937-88199946211B}
	EndGlobalSection
	GlobalSection(ExtensibilityGlobals) = postSolution
		SolutionGuid = {B7697BED-F3EF-4093-BFDF-3598D4E6C62C}
	EndGlobalSection
EndGlobal
