
Microsoft Visual Studio Solution File, Format Version 12.00
# Visual Studio Version 16
VisualStudioVersion = 16.0.29215.179
MinimumVisualStudioVersion = 15.0.26124.0
Project("{2150E333-8FDC-42A3-9474-1A3956D46DE8}") = "AsynchronousActions", "AsynchronousActions", "{A0AA97DB-3417-4F24-98BD-EDAADAC1E5A3}"
EndProject
Project("{2150E333-8FDC-42A3-9474-1A3956D46DE8}") = "Begin", "Begin", "{3AB9FFE0-72EA-4997-9998-6A0659E57981}"
EndProject
Project("{2150E333-8FDC-42A3-9474-1A3956D46DE8}") = "End", "End", "{ADD365DB-61DC-4360-9A62-64DA49A0A0EA}"
EndProject
Project("{FAE04EC0-301F-11D3-BF4B-00C04F79EFBC}") = "AsynchronousActions.Web", "AsynchronousActions\begin\AsynchronousActions.Web\AsynchronousActions.Web.csproj", "{4DFCDD44-09D1-4C1B-8C09-FE5769828476}"
EndProject
Project("{FAE04EC0-301F-11D3-BF4B-00C04F79EFBC}") = "DataServices", "AsynchronousActions\begin\DataServices\DataServices.csproj", "{62E84637-76D5-42DD-BAB3-7B969C319CC7}"
EndProject
Project("{FAE04EC0-301F-11D3-BF4B-00C04F79EFBC}") = "AsynchronousActions.Web", "AsynchronousActions\end\AsynchronousActions.Web\AsynchronousActions.Web.csproj", "{A8B8E2CD-3877-488D-9FBB-E3A6E727930C}"
EndProject
Project("{FAE04EC0-301F-11D3-BF4B-00C04F79EFBC}") = "DataServices", "AsynchronousActions\end\DataServices\DataServices.csproj", "{39FA0CCC-7BFC-4459-8579-A5919C1679C4}"
EndProject
Project("{2150E333-8FDC-42A3-9474-1A3956D46DE8}") = "DependencyResolver", "DependencyResolver", "{39DF38C9-B6C0-4909-924E-A60AB2222292}"
EndProject
Project("{FAE04EC0-301F-11D3-BF4B-00C04F79EFBC}") = "DependencyResolver", "DependencyResolver\DependencyResolver.csproj", "{EF18DD69-CEFD-4736-8318-1B4425A09AE0}"
EndProject
Project("{2150E333-8FDC-42A3-9474-1A3956D46DE8}") = "ImagesWithMediaTypeFormatter", "ImagesWithMediaTypeFormatter", "{0108EEEF-B756-46B8-982E-C69F0C2BF264}"
EndProject
Project("{FAE04EC0-301F-11D3-BF4B-00C04F79EFBC}") = "ImagesWithMediaTypeFormatter.Host", "ImagesWithMediaTypeFormatter\ImagesWithMediaTypeFormatter.Host.csproj", "{CD3431D7-53FD-4535-9842-0BE8D67F2A50}"
EndProject
Project("{2150E333-8FDC-42A3-9474-1A3956D46DE8}") = "ConsumingOData", "ConsumingOData", "{42BAC891-74D4-40D2-88A4-7AF159BB93A3}"
EndProject
Project("{2150E333-8FDC-42A3-9474-1A3956D46DE8}") = "Begin", "Begin", "{2DBB5B19-F048-4799-A209-CA65DA420ED8}"
EndProject
Project("{2150E333-8FDC-42A3-9474-1A3956D46DE8}") = "End", "End", "{02508A5D-500F-4D42-B1D9-D0075212CFC3}"
EndProject
Project("{FAE04EC0-301F-11D3-BF4B-00C04F79EFBC}") = "ConsumingODataService.Host", "ODataService\begin\ConsumingODataService.Host\ConsumingODataService.Host.csproj", "{EEC01AC4-A53A-457B-ABBA-76F25E6BEB3D}"
EndProject
Project("{FAE04EC0-301F-11D3-BF4B-00C04F79EFBC}") = "ODataService.Client", "ODataService\begin\ODataService.Client\ODataService.Client.csproj", "{9DBF8C38-6322-42AA-BB31-0568C9153255}"
EndProject
Project("{FAE04EC0-301F-11D3-BF4B-00C04F79EFBC}") = "ConsumingODataService.Host", "ODataService\end\ConsumingODataService.Host\ConsumingODataService.Host.csproj", "{AF1828B9-070C-4397-AC9A-DE875C8ADA53}"
EndProject
Project("{FAE04EC0-301F-11D3-BF4B-00C04F79EFBC}") = "ODataService.Client", "ODataService\end\ODataService.Client\ODataService.Client.csproj", "{AE6C2F37-A570-40F3-BF94-C4A62D4DA71C}"
EndProject
Global
	GlobalSection(SolutionConfigurationPlatforms) = preSolution
		Debug|Any CPU = Debug|Any CPU
		Debug|x64 = Debug|x64
		Debug|x86 = Debug|x86
		Release|Any CPU = Release|Any CPU
		Release|x64 = Release|x64
		Release|x86 = Release|x86
	EndGlobalSection
	GlobalSection(ProjectConfigurationPlatforms) = postSolution
		{4DFCDD44-09D1-4C1B-8C09-FE5769828476}.Debug|Any CPU.ActiveCfg = Debug|Any CPU
		{4DFCDD44-09D1-4C1B-8C09-FE5769828476}.Debug|Any CPU.Build.0 = Debug|Any CPU
		{4DFCDD44-09D1-4C1B-8C09-FE5769828476}.Debug|x64.ActiveCfg = Debug|Any CPU
		{4DFCDD44-09D1-4C1B-8C09-FE5769828476}.Debug|x64.Build.0 = Debug|Any CPU
		{4DFCDD44-09D1-4C1B-8C09-FE5769828476}.Debug|x86.ActiveCfg = Debug|Any CPU
		{4DFCDD44-09D1-4C1B-8C09-FE5769828476}.Debug|x86.Build.0 = Debug|Any CPU
		{4DFCDD44-09D1-4C1B-8C09-FE5769828476}.Release|Any CPU.ActiveCfg = Release|Any CPU
		{4DFCDD44-09D1-4C1B-8C09-FE5769828476}.Release|Any CPU.Build.0 = Release|Any CPU
		{4DFCDD44-09D1-4C1B-8C09-FE5769828476}.Release|x64.ActiveCfg = Release|Any CPU
		{4DFCDD44-09D1-4C1B-8C09-FE5769828476}.Release|x64.Build.0 = Release|Any CPU
		{4DFCDD44-09D1-4C1B-8C09-FE5769828476}.Release|x86.ActiveCfg = Release|Any CPU
		{4DFCDD44-09D1-4C1B-8C09-FE5769828476}.Release|x86.Build.0 = Release|Any CPU
		{62E84637-76D5-42DD-BAB3-7B969C319CC7}.Debug|Any CPU.ActiveCfg = Debug|Any CPU
		{62E84637-76D5-42DD-BAB3-7B969C319CC7}.Debug|Any CPU.Build.0 = Debug|Any CPU
		{62E84637-76D5-42DD-BAB3-7B969C319CC7}.Debug|x64.ActiveCfg = Debug|Any CPU
		{62E84637-76D5-42DD-BAB3-7B969C319CC7}.Debug|x64.Build.0 = Debug|Any CPU
		{62E84637-76D5-42DD-BAB3-7B969C319CC7}.Debug|x86.ActiveCfg = Debug|Any CPU
		{62E84637-76D5-42DD-BAB3-7B969C319CC7}.Debug|x86.Build.0 = Debug|Any CPU
		{62E84637-76D5-42DD-BAB3-7B969C319CC7}.Release|Any CPU.ActiveCfg = Release|Any CPU
		{62E84637-76D5-42DD-BAB3-7B969C319CC7}.Release|Any CPU.Build.0 = Release|Any CPU
		{62E84637-76D5-42DD-BAB3-7B969C319CC7}.Release|x64.ActiveCfg = Release|Any CPU
		{62E84637-76D5-42DD-BAB3-7B969C319CC7}.Release|x64.Build.0 = Release|Any CPU
		{62E84637-76D5-42DD-BAB3-7B969C319CC7}.Release|x86.ActiveCfg = Release|Any CPU
		{62E84637-76D5-42DD-BAB3-7B969C319CC7}.Release|x86.Build.0 = Release|Any CPU
		{A8B8E2CD-3877-488D-9FBB-E3A6E727930C}.Debug|Any CPU.ActiveCfg = Debug|Any CPU
		{A8B8E2CD-3877-488D-9FBB-E3A6E727930C}.Debug|Any CPU.Build.0 = Debug|Any CPU
		{A8B8E2CD-3877-488D-9FBB-E3A6E727930C}.Debug|x64.ActiveCfg = Debug|Any CPU
		{A8B8E2CD-3877-488D-9FBB-E3A6E727930C}.Debug|x64.Build.0 = Debug|Any CPU
		{A8B8E2CD-3877-488D-9FBB-E3A6E727930C}.Debug|x86.ActiveCfg = Debug|Any CPU
		{A8B8E2CD-3877-488D-9FBB-E3A6E727930C}.Debug|x86.Build.0 = Debug|Any CPU
		{A8B8E2CD-3877-488D-9FBB-E3A6E727930C}.Release|Any CPU.ActiveCfg = Release|Any CPU
		{A8B8E2CD-3877-488D-9FBB-E3A6E727930C}.Release|Any CPU.Build.0 = Release|Any CPU
		{A8B8E2CD-3877-488D-9FBB-E3A6E727930C}.Release|x64.ActiveCfg = Release|Any CPU
		{A8B8E2CD-3877-488D-9FBB-E3A6E727930C}.Release|x64.Build.0 = Release|Any CPU
		{A8B8E2CD-3877-488D-9FBB-E3A6E727930C}.Release|x86.ActiveCfg = Release|Any CPU
		{A8B8E2CD-3877-488D-9FBB-E3A6E727930C}.Release|x86.Build.0 = Release|Any CPU
		{39FA0CCC-7BFC-4459-8579-A5919C1679C4}.Debug|Any CPU.ActiveCfg = Debug|Any CPU
		{39FA0CCC-7BFC-4459-8579-A5919C1679C4}.Debug|Any CPU.Build.0 = Debug|Any CPU
		{39FA0CCC-7BFC-4459-8579-A5919C1679C4}.Debug|x64.ActiveCfg = Debug|Any CPU
		{39FA0CCC-7BFC-4459-8579-A5919C1679C4}.Debug|x64.Build.0 = Debug|Any CPU
		{39FA0CCC-7BFC-4459-8579-A5919C1679C4}.Debug|x86.ActiveCfg = Debug|Any CPU
		{39FA0CCC-7BFC-4459-8579-A5919C1679C4}.Debug|x86.Build.0 = Debug|Any CPU
		{39FA0CCC-7BFC-4459-8579-A5919C1679C4}.Release|Any CPU.ActiveCfg = Release|Any CPU
		{39FA0CCC-7BFC-4459-8579-A5919C1679C4}.Release|Any CPU.Build.0 = Release|Any CPU
		{39FA0CCC-7BFC-4459-8579-A5919C1679C4}.Release|x64.ActiveCfg = Release|Any CPU
		{39FA0CCC-7BFC-4459-8579-A5919C1679C4}.Release|x64.Build.0 = Release|Any CPU
		{39FA0CCC-7BFC-4459-8579-A5919C1679C4}.Release|x86.ActiveCfg = Release|Any CPU
		{39FA0CCC-7BFC-4459-8579-A5919C1679C4}.Release|x86.Build.0 = Release|Any CPU
		{EF18DD69-CEFD-4736-8318-1B4425A09AE0}.Debug|Any CPU.ActiveCfg = Debug|Any CPU
		{EF18DD69-CEFD-4736-8318-1B4425A09AE0}.Debug|Any CPU.Build.0 = Debug|Any CPU
		{EF18DD69-CEFD-4736-8318-1B4425A09AE0}.Debug|x64.ActiveCfg = Debug|Any CPU
		{EF18DD69-CEFD-4736-8318-1B4425A09AE0}.Debug|x64.Build.0 = Debug|Any CPU
		{EF18DD69-CEFD-4736-8318-1B4425A09AE0}.Debug|x86.ActiveCfg = Debug|Any CPU
		{EF18DD69-CEFD-4736-8318-1B4425A09AE0}.Debug|x86.Build.0 = Debug|Any CPU
		{EF18DD69-CEFD-4736-8318-1B4425A09AE0}.Release|Any CPU.ActiveCfg = Release|Any CPU
		{EF18DD69-CEFD-4736-8318-1B4425A09AE0}.Release|Any CPU.Build.0 = Release|Any CPU
		{EF18DD69-CEFD-4736-8318-1B4425A09AE0}.Release|x64.ActiveCfg = Release|Any CPU
		{EF18DD69-CEFD-4736-8318-1B4425A09AE0}.Release|x64.Build.0 = Release|Any CPU
		{EF18DD69-CEFD-4736-8318-1B4425A09AE0}.Release|x86.ActiveCfg = Release|Any CPU
		{EF18DD69-CEFD-4736-8318-1B4425A09AE0}.Release|x86.Build.0 = Release|Any CPU
		{CD3431D7-53FD-4535-9842-0BE8D67F2A50}.Debug|Any CPU.ActiveCfg = Debug|Any CPU
		{CD3431D7-53FD-4535-9842-0BE8D67F2A50}.Debug|Any CPU.Build.0 = Debug|Any CPU
		{CD3431D7-53FD-4535-9842-0BE8D67F2A50}.Debug|x64.ActiveCfg = Debug|Any CPU
		{CD3431D7-53FD-4535-9842-0BE8D67F2A50}.Debug|x64.Build.0 = Debug|Any CPU
		{CD3431D7-53FD-4535-9842-0BE8D67F2A50}.Debug|x86.ActiveCfg = Debug|Any CPU
		{CD3431D7-53FD-4535-9842-0BE8D67F2A50}.Debug|x86.Build.0 = Debug|Any CPU
		{CD3431D7-53FD-4535-9842-0BE8D67F2A50}.Release|Any CPU.ActiveCfg = Release|Any CPU
		{CD3431D7-53FD-4535-9842-0BE8D67F2A50}.Release|Any CPU.Build.0 = Release|Any CPU
		{CD3431D7-53FD-4535-9842-0BE8D67F2A50}.Release|x64.ActiveCfg = Release|Any CPU
		{CD3431D7-53FD-4535-9842-0BE8D67F2A50}.Release|x64.Build.0 = Release|Any CPU
		{CD3431D7-53FD-4535-9842-0BE8D67F2A50}.Release|x86.ActiveCfg = Release|Any CPU
		{CD3431D7-53FD-4535-9842-0BE8D67F2A50}.Release|x86.Build.0 = Release|Any CPU
		{EEC01AC4-A53A-457B-ABBA-76F25E6BEB3D}.Debug|Any CPU.ActiveCfg = Debug|Any CPU
		{EEC01AC4-A53A-457B-ABBA-76F25E6BEB3D}.Debug|Any CPU.Build.0 = Debug|Any CPU
		{EEC01AC4-A53A-457B-ABBA-76F25E6BEB3D}.Debug|x64.ActiveCfg = Debug|Any CPU
		{EEC01AC4-A53A-457B-ABBA-76F25E6BEB3D}.Debug|x64.Build.0 = Debug|Any CPU
		{EEC01AC4-A53A-457B-ABBA-76F25E6BEB3D}.Debug|x86.ActiveCfg = Debug|Any CPU
		{EEC01AC4-A53A-457B-ABBA-76F25E6BEB3D}.Debug|x86.Build.0 = Debug|Any CPU
		{EEC01AC4-A53A-457B-ABBA-76F25E6BEB3D}.Release|Any CPU.ActiveCfg = Release|Any CPU
		{EEC01AC4-A53A-457B-ABBA-76F25E6BEB3D}.Release|Any CPU.Build.0 = Release|Any CPU
		{EEC01AC4-A53A-457B-ABBA-76F25E6BEB3D}.Release|x64.ActiveCfg = Release|Any CPU
		{EEC01AC4-A53A-457B-ABBA-76F25E6BEB3D}.Release|x64.Build.0 = Release|Any CPU
		{EEC01AC4-A53A-457B-ABBA-76F25E6BEB3D}.Release|x86.ActiveCfg = Release|Any CPU
		{EEC01AC4-A53A-457B-ABBA-76F25E6BEB3D}.Release|x86.Build.0 = Release|Any CPU
		{9DBF8C38-6322-42AA-BB31-0568C9153255}.Debug|Any CPU.ActiveCfg = Debug|Any CPU
		{9DBF8C38-6322-42AA-BB31-0568C9153255}.Debug|Any CPU.Build.0 = Debug|Any CPU
		{9DBF8C38-6322-42AA-BB31-0568C9153255}.Debug|x64.ActiveCfg = Debug|Any CPU
		{9DBF8C38-6322-42AA-BB31-0568C9153255}.Debug|x64.Build.0 = Debug|Any CPU
		{9DBF8C38-6322-42AA-BB31-0568C9153255}.Debug|x86.ActiveCfg = Debug|Any CPU
		{9DBF8C38-6322-42AA-BB31-0568C9153255}.Debug|x86.Build.0 = Debug|Any CPU
		{9DBF8C38-6322-42AA-BB31-0568C9153255}.Release|Any CPU.ActiveCfg = Release|Any CPU
		{9DBF8C38-6322-42AA-BB31-0568C9153255}.Release|Any CPU.Build.0 = Release|Any CPU
		{9DBF8C38-6322-42AA-BB31-0568C9153255}.Release|x64.ActiveCfg = Release|Any CPU
		{9DBF8C38-6322-42AA-BB31-0568C9153255}.Release|x64.Build.0 = Release|Any CPU
		{9DBF8C38-6322-42AA-BB31-0568C9153255}.Release|x86.ActiveCfg = Release|Any CPU
		{9DBF8C38-6322-42AA-BB31-0568C9153255}.Release|x86.Build.0 = Release|Any CPU
		{AF1828B9-070C-4397-AC9A-DE875C8ADA53}.Debug|Any CPU.ActiveCfg = Debug|Any CPU
		{AF1828B9-070C-4397-AC9A-DE875C8ADA53}.Debug|Any CPU.Build.0 = Debug|Any CPU
		{AF1828B9-070C-4397-AC9A-DE875C8ADA53}.Debug|x64.ActiveCfg = Debug|Any CPU
		{AF1828B9-070C-4397-AC9A-DE875C8ADA53}.Debug|x64.Build.0 = Debug|Any CPU
		{AF1828B9-070C-4397-AC9A-DE875C8ADA53}.Debug|x86.ActiveCfg = Debug|Any CPU
		{AF1828B9-070C-4397-AC9A-DE875C8ADA53}.Debug|x86.Build.0 = Debug|Any CPU
		{AF1828B9-070C-4397-AC9A-DE875C8ADA53}.Release|Any CPU.ActiveCfg = Release|Any CPU
		{AF1828B9-070C-4397-AC9A-DE875C8ADA53}.Release|Any CPU.Build.0 = Release|Any CPU
		{AF1828B9-070C-4397-AC9A-DE875C8ADA53}.Release|x64.ActiveCfg = Release|Any CPU
		{AF1828B9-070C-4397-AC9A-DE875C8ADA53}.Release|x64.Build.0 = Release|Any CPU
		{AF1828B9-070C-4397-AC9A-DE875C8ADA53}.Release|x86.ActiveCfg = Release|Any CPU
		{AF1828B9-070C-4397-AC9A-DE875C8ADA53}.Release|x86.Build.0 = Release|Any CPU
		{AE6C2F37-A570-40F3-BF94-C4A62D4DA71C}.Debug|Any CPU.ActiveCfg = Debug|Any CPU
		{AE6C2F37-A570-40F3-BF94-C4A62D4DA71C}.Debug|Any CPU.Build.0 = Debug|Any CPU
		{AE6C2F37-A570-40F3-BF94-C4A62D4DA71C}.Debug|x64.ActiveCfg = Debug|Any CPU
		{AE6C2F37-A570-40F3-BF94-C4A62D4DA71C}.Debug|x64.Build.0 = Debug|Any CPU
		{AE6C2F37-A570-40F3-BF94-C4A62D4DA71C}.Debug|x86.ActiveCfg = Debug|Any CPU
		{AE6C2F37-A570-40F3-BF94-C4A62D4DA71C}.Debug|x86.Build.0 = Debug|Any CPU
		{AE6C2F37-A570-40F3-BF94-C4A62D4DA71C}.Release|Any CPU.ActiveCfg = Release|Any CPU
		{AE6C2F37-A570-40F3-BF94-C4A62D4DA71C}.Release|Any CPU.Build.0 = Release|Any CPU
		{AE6C2F37-A570-40F3-BF94-C4A62D4DA71C}.Release|x64.ActiveCfg = Release|Any CPU
		{AE6C2F37-A570-40F3-BF94-C4A62D4DA71C}.Release|x64.Build.0 = Release|Any CPU
		{AE6C2F37-A570-40F3-BF94-C4A62D4DA71C}.Release|x86.ActiveCfg = Release|Any CPU
		{AE6C2F37-A570-40F3-BF94-C4A62D4DA71C}.Release|x86.Build.0 = Release|Any CPU
	EndGlobalSection
	GlobalSection(SolutionProperties) = preSolution
		HideSolutionNode = FALSE
	EndGlobalSection
	GlobalSection(NestedProjects) = preSolution
		{3AB9FFE0-72EA-4997-9998-6A0659E57981} = {A0AA97DB-3417-4F24-98BD-EDAADAC1E5A3}
		{ADD365DB-61DC-4360-9A62-64DA49A0A0EA} = {A0AA97DB-3417-4F24-98BD-EDAADAC1E5A3}
		{4DFCDD44-09D1-4C1B-8C09-FE5769828476} = {3AB9FFE0-72EA-4997-9998-6A0659E57981}
		{62E84637-76D5-42DD-BAB3-7B969C319CC7} = {3AB9FFE0-72EA-4997-9998-6A0659E57981}
		{A8B8E2CD-3877-488D-9FBB-E3A6E727930C} = {ADD365DB-61DC-4360-9A62-64DA49A0A0EA}
		{39FA0CCC-7BFC-4459-8579-A5919C1679C4} = {ADD365DB-61DC-4360-9A62-64DA49A0A0EA}
		{EF18DD69-CEFD-4736-8318-1B4425A09AE0} = {39DF38C9-B6C0-4909-924E-A60AB2222292}
		{CD3431D7-53FD-4535-9842-0BE8D67F2A50} = {0108EEEF-B756-46B8-982E-C69F0C2BF264}
		{2DBB5B19-F048-4799-A209-CA65DA420ED8} = {42BAC891-74D4-40D2-88A4-7AF159BB93A3}
		{02508A5D-500F-4D42-B1D9-D0075212CFC3} = {42BAC891-74D4-40D2-88A4-7AF159BB93A3}
		{EEC01AC4-A53A-457B-ABBA-76F25E6BEB3D} = {2DBB5B19-F048-4799-A209-CA65DA420ED8}
		{9DBF8C38-6322-42AA-BB31-0568C9153255} = {2DBB5B19-F048-4799-A209-CA65DA420ED8}
		{AF1828B9-070C-4397-AC9A-DE875C8ADA53} = {02508A5D-500F-4D42-B1D9-D0075212CFC3}
		{AE6C2F37-A570-40F3-BF94-C4A62D4DA71C} = {02508A5D-500F-4D42-B1D9-D0075212CFC3}
	EndGlobalSection
	GlobalSection(ExtensibilityGlobals) = postSolution
		SolutionGuid = {B5652BAD-4F8E-4083-A583-89F45C284BAF}
	EndGlobalSection
EndGlobal
